
Microsoft Visual Studio Solution File, Format Version 12.00
# Visual Studio 2012
Project("{FAE04EC0-301F-11D3-BF4B-00C04F79EFBC}") = "Craftitude", "Craftitude\Craftitude.csproj", "{CC8C4D79-EF30-4B03-B991-DE8396DFBD60}"
EndProject
Project("{2150E333-8FDC-42A3-9474-1A3956D46DE8}") = "Plugins", "Plugins", "{BB2AF5C9-4776-4EE6-8EC7-A0B78E244523}"
EndProject
Project("{FAE04EC0-301F-11D3-BF4B-00C04F79EFBC}") = "Craftitude.Plugins.Setup.Lua", "Craftitude.Plugins.Setup.Lua\Craftitude.Plugins.Setup.Lua.csproj", "{106F8BF0-B129-4EAC-8A83-B349DCB3EC01}"
EndProject
Project("{2150E333-8FDC-42A3-9474-1A3956D46DE8}") = "Dependencies", "Dependencies", "{1AE75493-66E6-4FDB-AD86-385B739DB289}"
EndProject
Project("{FAE04EC0-301F-11D3-BF4B-00C04F79EFBC}") = "Test001-AppDomainUnload", "Test001-AppDomainUnload\Test001-AppDomainUnload.csproj", "{1E1F822C-BBD1-423A-891C-DC7F954F859B}"
EndProject
Project("{2150E333-8FDC-42A3-9474-1A3956D46DE8}") = "Tests", "Tests", "{0A3CA68E-A13B-4065-810E-D9088F07114D}"
EndProject
Project("{FAE04EC0-301F-11D3-BF4B-00C04F79EFBC}") = "Test002-MetadataTest", "Test002-MetadataTest\Test002-MetadataTest.csproj", "{29C8D200-4BA4-46AC-8C17-58B65A7C28C7}"
EndProject
Project("{FAE04EC0-301F-11D3-BF4B-00C04F79EFBC}") = "Test003-AppDomainScripting", "Test003-AppDomainScripting\Test003-AppDomainScripting.csproj", "{CEE40E26-03BF-4CBA-91CB-E6A953CA58DF}"
EndProject
Project("{FAE04EC0-301F-11D3-BF4B-00C04F79EFBC}") = "KeraLua", "externals\NLua\Core\KeraLua\src\KeraLua.csproj", "{47153754-10F5-44D8-B578-F5A32B69061A}"
EndProject
Project("{FAE04EC0-301F-11D3-BF4B-00C04F79EFBC}") = "KopiLua", "externals\NLua\Core\KopiLua\KopiLua\KopiLua.csproj", "{E8DDBC21-EF74-4ABA-9C49-BFC702BE25D8}"
EndProject
Project("{FAE04EC0-301F-11D3-BF4B-00C04F79EFBC}") = "NLua", "externals\NLua\Core\NLua\NLua.csproj", "{F55CABBB-4108-4A39-94E1-581FD46DC021}"
EndProject
Project("{8BC9CEB8-8B4A-11D0-8D11-00A0C91BC942}") = "liblua", "externals\NLua\Core\KeraLua\external\lua\win32\liblua.vcxproj", "{828DF940-C68C-4E53-8022-6502A4A0701F}"
EndProject
Project("{8BC9CEB8-8B4A-11D0-8D11-00A0C91BC942}") = "ZERO_CHECK", "externals\NLua\Core\KeraLua\external\lua\win32\ZERO_CHECK.vcxproj", "{D1364146-88A3-41E8-AEFB-E4FA66F025F9}"
EndProject
Global
	GlobalSection(SolutionConfigurationPlatforms) = preSolution
		Debug|Any CPU = Debug|Any CPU
		Debug|Mixed Platforms = Debug|Mixed Platforms
		Debug|Win32 = Debug|Win32
		Debug|x64 = Debug|x64
		Debug|x86 = Debug|x86
		DebugKopiLua|Any CPU = DebugKopiLua|Any CPU
		DebugKopiLua|Mixed Platforms = DebugKopiLua|Mixed Platforms
		DebugKopiLua|Win32 = DebugKopiLua|Win32
		DebugKopiLua|x64 = DebugKopiLua|x64
		DebugKopiLua|x86 = DebugKopiLua|x86
		MinSizeRel|Any CPU = MinSizeRel|Any CPU
		MinSizeRel|Mixed Platforms = MinSizeRel|Mixed Platforms
		MinSizeRel|Win32 = MinSizeRel|Win32
		MinSizeRel|x64 = MinSizeRel|x64
		MinSizeRel|x86 = MinSizeRel|x86
		Release|Any CPU = Release|Any CPU
		Release|Mixed Platforms = Release|Mixed Platforms
		Release|Win32 = Release|Win32
		Release|x64 = Release|x64
		Release|x86 = Release|x86
		ReleaseKopiLua|Any CPU = ReleaseKopiLua|Any CPU
		ReleaseKopiLua|Mixed Platforms = ReleaseKopiLua|Mixed Platforms
		ReleaseKopiLua|Win32 = ReleaseKopiLua|Win32
		ReleaseKopiLua|x64 = ReleaseKopiLua|x64
		ReleaseKopiLua|x86 = ReleaseKopiLua|x86
		RelWithDebInfo|Any CPU = RelWithDebInfo|Any CPU
		RelWithDebInfo|Mixed Platforms = RelWithDebInfo|Mixed Platforms
		RelWithDebInfo|Win32 = RelWithDebInfo|Win32
		RelWithDebInfo|x64 = RelWithDebInfo|x64
		RelWithDebInfo|x86 = RelWithDebInfo|x86
	EndGlobalSection
	GlobalSection(ProjectConfigurationPlatforms) = postSolution
		{CC8C4D79-EF30-4B03-B991-DE8396DFBD60}.Debug|Any CPU.ActiveCfg = Debug|Any CPU
		{CC8C4D79-EF30-4B03-B991-DE8396DFBD60}.Debug|Any CPU.Build.0 = Debug|Any CPU
		{CC8C4D79-EF30-4B03-B991-DE8396DFBD60}.Debug|Mixed Platforms.ActiveCfg = Debug|Any CPU
		{CC8C4D79-EF30-4B03-B991-DE8396DFBD60}.Debug|Mixed Platforms.Build.0 = Debug|Any CPU
		{CC8C4D79-EF30-4B03-B991-DE8396DFBD60}.Debug|Win32.ActiveCfg = Debug|Any CPU
		{CC8C4D79-EF30-4B03-B991-DE8396DFBD60}.Debug|x64.ActiveCfg = Debug|Any CPU
		{CC8C4D79-EF30-4B03-B991-DE8396DFBD60}.Debug|x64.Build.0 = Debug|Any CPU
		{CC8C4D79-EF30-4B03-B991-DE8396DFBD60}.Debug|x86.ActiveCfg = Debug|Any CPU
		{CC8C4D79-EF30-4B03-B991-DE8396DFBD60}.Debug|x86.Build.0 = Debug|Any CPU
		{CC8C4D79-EF30-4B03-B991-DE8396DFBD60}.DebugKopiLua|Any CPU.ActiveCfg = Debug|Any CPU
		{CC8C4D79-EF30-4B03-B991-DE8396DFBD60}.DebugKopiLua|Any CPU.Build.0 = Debug|Any CPU
		{CC8C4D79-EF30-4B03-B991-DE8396DFBD60}.DebugKopiLua|Mixed Platforms.ActiveCfg = Debug|Any CPU
		{CC8C4D79-EF30-4B03-B991-DE8396DFBD60}.DebugKopiLua|Mixed Platforms.Build.0 = Debug|Any CPU
		{CC8C4D79-EF30-4B03-B991-DE8396DFBD60}.DebugKopiLua|Win32.ActiveCfg = Debug|Any CPU
		{CC8C4D79-EF30-4B03-B991-DE8396DFBD60}.DebugKopiLua|x64.ActiveCfg = Debug|Any CPU
		{CC8C4D79-EF30-4B03-B991-DE8396DFBD60}.DebugKopiLua|x64.Build.0 = Debug|Any CPU
		{CC8C4D79-EF30-4B03-B991-DE8396DFBD60}.DebugKopiLua|x86.ActiveCfg = Debug|Any CPU
		{CC8C4D79-EF30-4B03-B991-DE8396DFBD60}.DebugKopiLua|x86.Build.0 = Debug|Any CPU
		{CC8C4D79-EF30-4B03-B991-DE8396DFBD60}.MinSizeRel|Any CPU.ActiveCfg = Release|Any CPU
		{CC8C4D79-EF30-4B03-B991-DE8396DFBD60}.MinSizeRel|Any CPU.Build.0 = Release|Any CPU
		{CC8C4D79-EF30-4B03-B991-DE8396DFBD60}.MinSizeRel|Mixed Platforms.ActiveCfg = Release|Any CPU
		{CC8C4D79-EF30-4B03-B991-DE8396DFBD60}.MinSizeRel|Mixed Platforms.Build.0 = Release|Any CPU
		{CC8C4D79-EF30-4B03-B991-DE8396DFBD60}.MinSizeRel|Win32.ActiveCfg = Release|Any CPU
		{CC8C4D79-EF30-4B03-B991-DE8396DFBD60}.MinSizeRel|x64.ActiveCfg = Release|x64
		{CC8C4D79-EF30-4B03-B991-DE8396DFBD60}.MinSizeRel|x64.Build.0 = Release|x64
		{CC8C4D79-EF30-4B03-B991-DE8396DFBD60}.MinSizeRel|x86.ActiveCfg = Release|Any CPU
		{CC8C4D79-EF30-4B03-B991-DE8396DFBD60}.Release|Any CPU.ActiveCfg = Release|Any CPU
		{CC8C4D79-EF30-4B03-B991-DE8396DFBD60}.Release|Any CPU.Build.0 = Release|Any CPU
		{CC8C4D79-EF30-4B03-B991-DE8396DFBD60}.Release|Mixed Platforms.ActiveCfg = Release|Any CPU
		{CC8C4D79-EF30-4B03-B991-DE8396DFBD60}.Release|Mixed Platforms.Build.0 = Release|Any CPU
		{CC8C4D79-EF30-4B03-B991-DE8396DFBD60}.Release|Win32.ActiveCfg = Release|Any CPU
		{CC8C4D79-EF30-4B03-B991-DE8396DFBD60}.Release|x64.ActiveCfg = Release|Any CPU
		{CC8C4D79-EF30-4B03-B991-DE8396DFBD60}.Release|x64.Build.0 = Release|Any CPU
		{CC8C4D79-EF30-4B03-B991-DE8396DFBD60}.Release|x86.ActiveCfg = Release|Any CPU
		{CC8C4D79-EF30-4B03-B991-DE8396DFBD60}.Release|x86.Build.0 = Release|Any CPU
		{CC8C4D79-EF30-4B03-B991-DE8396DFBD60}.ReleaseKopiLua|Any CPU.ActiveCfg = Release|Any CPU
		{CC8C4D79-EF30-4B03-B991-DE8396DFBD60}.ReleaseKopiLua|Any CPU.Build.0 = Release|Any CPU
		{CC8C4D79-EF30-4B03-B991-DE8396DFBD60}.ReleaseKopiLua|Mixed Platforms.ActiveCfg = Release|Any CPU
		{CC8C4D79-EF30-4B03-B991-DE8396DFBD60}.ReleaseKopiLua|Mixed Platforms.Build.0 = Release|Any CPU
		{CC8C4D79-EF30-4B03-B991-DE8396DFBD60}.ReleaseKopiLua|Win32.ActiveCfg = Release|Any CPU
		{CC8C4D79-EF30-4B03-B991-DE8396DFBD60}.ReleaseKopiLua|x64.ActiveCfg = Release|Any CPU
		{CC8C4D79-EF30-4B03-B991-DE8396DFBD60}.ReleaseKopiLua|x64.Build.0 = Release|Any CPU
		{CC8C4D79-EF30-4B03-B991-DE8396DFBD60}.ReleaseKopiLua|x86.ActiveCfg = Release|Any CPU
		{CC8C4D79-EF30-4B03-B991-DE8396DFBD60}.ReleaseKopiLua|x86.Build.0 = Release|Any CPU
		{CC8C4D79-EF30-4B03-B991-DE8396DFBD60}.RelWithDebInfo|Any CPU.ActiveCfg = Release|Any CPU
		{CC8C4D79-EF30-4B03-B991-DE8396DFBD60}.RelWithDebInfo|Any CPU.Build.0 = Release|Any CPU
		{CC8C4D79-EF30-4B03-B991-DE8396DFBD60}.RelWithDebInfo|Mixed Platforms.ActiveCfg = Release|Any CPU
		{CC8C4D79-EF30-4B03-B991-DE8396DFBD60}.RelWithDebInfo|Mixed Platforms.Build.0 = Release|Any CPU
		{CC8C4D79-EF30-4B03-B991-DE8396DFBD60}.RelWithDebInfo|Win32.ActiveCfg = Release|Any CPU
		{CC8C4D79-EF30-4B03-B991-DE8396DFBD60}.RelWithDebInfo|x64.ActiveCfg = Release|x64
		{CC8C4D79-EF30-4B03-B991-DE8396DFBD60}.RelWithDebInfo|x64.Build.0 = Release|x64
		{CC8C4D79-EF30-4B03-B991-DE8396DFBD60}.RelWithDebInfo|x86.ActiveCfg = Release|Any CPU
		{106F8BF0-B129-4EAC-8A83-B349DCB3EC01}.Debug|Any CPU.ActiveCfg = Debug|Any CPU
		{106F8BF0-B129-4EAC-8A83-B349DCB3EC01}.Debug|Any CPU.Build.0 = Debug|Any CPU
		{106F8BF0-B129-4EAC-8A83-B349DCB3EC01}.Debug|Mixed Platforms.ActiveCfg = Debug|Any CPU
		{106F8BF0-B129-4EAC-8A83-B349DCB3EC01}.Debug|Mixed Platforms.Build.0 = Debug|Any CPU
		{106F8BF0-B129-4EAC-8A83-B349DCB3EC01}.Debug|Win32.ActiveCfg = Debug|Any CPU
		{106F8BF0-B129-4EAC-8A83-B349DCB3EC01}.Debug|x64.ActiveCfg = Debug|Any CPU
		{106F8BF0-B129-4EAC-8A83-B349DCB3EC01}.Debug|x64.Build.0 = Debug|Any CPU
		{106F8BF0-B129-4EAC-8A83-B349DCB3EC01}.Debug|x86.ActiveCfg = Debug|Any CPU
		{106F8BF0-B129-4EAC-8A83-B349DCB3EC01}.Debug|x86.Build.0 = Debug|Any CPU
		{106F8BF0-B129-4EAC-8A83-B349DCB3EC01}.DebugKopiLua|Any CPU.ActiveCfg = Debug|Any CPU
		{106F8BF0-B129-4EAC-8A83-B349DCB3EC01}.DebugKopiLua|Any CPU.Build.0 = Debug|Any CPU
		{106F8BF0-B129-4EAC-8A83-B349DCB3EC01}.DebugKopiLua|Mixed Platforms.ActiveCfg = Debug|Any CPU
		{106F8BF0-B129-4EAC-8A83-B349DCB3EC01}.DebugKopiLua|Mixed Platforms.Build.0 = Debug|Any CPU
		{106F8BF0-B129-4EAC-8A83-B349DCB3EC01}.DebugKopiLua|Win32.ActiveCfg = Debug|Any CPU
		{106F8BF0-B129-4EAC-8A83-B349DCB3EC01}.DebugKopiLua|x64.ActiveCfg = Debug|Any CPU
		{106F8BF0-B129-4EAC-8A83-B349DCB3EC01}.DebugKopiLua|x64.Build.0 = Debug|Any CPU
		{106F8BF0-B129-4EAC-8A83-B349DCB3EC01}.DebugKopiLua|x86.ActiveCfg = Debug|Any CPU
		{106F8BF0-B129-4EAC-8A83-B349DCB3EC01}.DebugKopiLua|x86.Build.0 = Debug|Any CPU
		{106F8BF0-B129-4EAC-8A83-B349DCB3EC01}.MinSizeRel|Any CPU.ActiveCfg = Release|Any CPU
		{106F8BF0-B129-4EAC-8A83-B349DCB3EC01}.MinSizeRel|Any CPU.Build.0 = Release|Any CPU
		{106F8BF0-B129-4EAC-8A83-B349DCB3EC01}.MinSizeRel|Mixed Platforms.ActiveCfg = Release|Any CPU
		{106F8BF0-B129-4EAC-8A83-B349DCB3EC01}.MinSizeRel|Mixed Platforms.Build.0 = Release|Any CPU
		{106F8BF0-B129-4EAC-8A83-B349DCB3EC01}.MinSizeRel|Win32.ActiveCfg = Release|Any CPU
		{106F8BF0-B129-4EAC-8A83-B349DCB3EC01}.MinSizeRel|x64.ActiveCfg = Release|x64
		{106F8BF0-B129-4EAC-8A83-B349DCB3EC01}.MinSizeRel|x64.Build.0 = Release|x64
		{106F8BF0-B129-4EAC-8A83-B349DCB3EC01}.MinSizeRel|x86.ActiveCfg = Release|Any CPU
		{106F8BF0-B129-4EAC-8A83-B349DCB3EC01}.Release|Any CPU.ActiveCfg = Release|Any CPU
		{106F8BF0-B129-4EAC-8A83-B349DCB3EC01}.Release|Any CPU.Build.0 = Release|Any CPU
		{106F8BF0-B129-4EAC-8A83-B349DCB3EC01}.Release|Mixed Platforms.ActiveCfg = Release|Any CPU
		{106F8BF0-B129-4EAC-8A83-B349DCB3EC01}.Release|Mixed Platforms.Build.0 = Release|Any CPU
		{106F8BF0-B129-4EAC-8A83-B349DCB3EC01}.Release|Win32.ActiveCfg = Release|Any CPU
		{106F8BF0-B129-4EAC-8A83-B349DCB3EC01}.Release|x64.ActiveCfg = Release|Any CPU
		{106F8BF0-B129-4EAC-8A83-B349DCB3EC01}.Release|x64.Build.0 = Release|Any CPU
		{106F8BF0-B129-4EAC-8A83-B349DCB3EC01}.Release|x86.ActiveCfg = Release|Any CPU
		{106F8BF0-B129-4EAC-8A83-B349DCB3EC01}.Release|x86.Build.0 = Release|Any CPU
		{106F8BF0-B129-4EAC-8A83-B349DCB3EC01}.ReleaseKopiLua|Any CPU.ActiveCfg = Release|Any CPU
		{106F8BF0-B129-4EAC-8A83-B349DCB3EC01}.ReleaseKopiLua|Any CPU.Build.0 = Release|Any CPU
		{106F8BF0-B129-4EAC-8A83-B349DCB3EC01}.ReleaseKopiLua|Mixed Platforms.ActiveCfg = Release|Any CPU
		{106F8BF0-B129-4EAC-8A83-B349DCB3EC01}.ReleaseKopiLua|Mixed Platforms.Build.0 = Release|Any CPU
		{106F8BF0-B129-4EAC-8A83-B349DCB3EC01}.ReleaseKopiLua|Win32.ActiveCfg = Release|Any CPU
		{106F8BF0-B129-4EAC-8A83-B349DCB3EC01}.ReleaseKopiLua|x64.ActiveCfg = Release|Any CPU
		{106F8BF0-B129-4EAC-8A83-B349DCB3EC01}.ReleaseKopiLua|x64.Build.0 = Release|Any CPU
		{106F8BF0-B129-4EAC-8A83-B349DCB3EC01}.ReleaseKopiLua|x86.ActiveCfg = Release|Any CPU
		{106F8BF0-B129-4EAC-8A83-B349DCB3EC01}.ReleaseKopiLua|x86.Build.0 = Release|Any CPU
		{106F8BF0-B129-4EAC-8A83-B349DCB3EC01}.RelWithDebInfo|Any CPU.ActiveCfg = Release|Any CPU
		{106F8BF0-B129-4EAC-8A83-B349DCB3EC01}.RelWithDebInfo|Any CPU.Build.0 = Release|Any CPU
		{106F8BF0-B129-4EAC-8A83-B349DCB3EC01}.RelWithDebInfo|Mixed Platforms.ActiveCfg = Release|Any CPU
		{106F8BF0-B129-4EAC-8A83-B349DCB3EC01}.RelWithDebInfo|Mixed Platforms.Build.0 = Release|Any CPU
		{106F8BF0-B129-4EAC-8A83-B349DCB3EC01}.RelWithDebInfo|Win32.ActiveCfg = Release|Any CPU
		{106F8BF0-B129-4EAC-8A83-B349DCB3EC01}.RelWithDebInfo|x64.ActiveCfg = Release|x64
		{106F8BF0-B129-4EAC-8A83-B349DCB3EC01}.RelWithDebInfo|x64.Build.0 = Release|x64
		{106F8BF0-B129-4EAC-8A83-B349DCB3EC01}.RelWithDebInfo|x86.ActiveCfg = Release|Any CPU
		{1E1F822C-BBD1-423A-891C-DC7F954F859B}.Debug|Any CPU.ActiveCfg = Debug|Any CPU
		{1E1F822C-BBD1-423A-891C-DC7F954F859B}.Debug|Any CPU.Build.0 = Debug|Any CPU
		{1E1F822C-BBD1-423A-891C-DC7F954F859B}.Debug|Mixed Platforms.ActiveCfg = Debug|Any CPU
		{1E1F822C-BBD1-423A-891C-DC7F954F859B}.Debug|Mixed Platforms.Build.0 = Debug|Any CPU
		{1E1F822C-BBD1-423A-891C-DC7F954F859B}.Debug|Win32.ActiveCfg = Debug|Any CPU
		{1E1F822C-BBD1-423A-891C-DC7F954F859B}.Debug|x64.ActiveCfg = Debug|Any CPU
		{1E1F822C-BBD1-423A-891C-DC7F954F859B}.Debug|x64.Build.0 = Debug|Any CPU
		{1E1F822C-BBD1-423A-891C-DC7F954F859B}.Debug|x86.ActiveCfg = Debug|Any CPU
		{1E1F822C-BBD1-423A-891C-DC7F954F859B}.Debug|x86.Build.0 = Debug|Any CPU
		{1E1F822C-BBD1-423A-891C-DC7F954F859B}.DebugKopiLua|Any CPU.ActiveCfg = Debug|Any CPU
		{1E1F822C-BBD1-423A-891C-DC7F954F859B}.DebugKopiLua|Any CPU.Build.0 = Debug|Any CPU
		{1E1F822C-BBD1-423A-891C-DC7F954F859B}.DebugKopiLua|Mixed Platforms.ActiveCfg = Debug|Any CPU
		{1E1F822C-BBD1-423A-891C-DC7F954F859B}.DebugKopiLua|Mixed Platforms.Build.0 = Debug|Any CPU
		{1E1F822C-BBD1-423A-891C-DC7F954F859B}.DebugKopiLua|Win32.ActiveCfg = Debug|Any CPU
		{1E1F822C-BBD1-423A-891C-DC7F954F859B}.DebugKopiLua|x64.ActiveCfg = Debug|Any CPU
		{1E1F822C-BBD1-423A-891C-DC7F954F859B}.DebugKopiLua|x64.Build.0 = Debug|Any CPU
		{1E1F822C-BBD1-423A-891C-DC7F954F859B}.DebugKopiLua|x86.ActiveCfg = Debug|Any CPU
		{1E1F822C-BBD1-423A-891C-DC7F954F859B}.DebugKopiLua|x86.Build.0 = Debug|Any CPU
		{1E1F822C-BBD1-423A-891C-DC7F954F859B}.MinSizeRel|Any CPU.ActiveCfg = Release|Any CPU
		{1E1F822C-BBD1-423A-891C-DC7F954F859B}.MinSizeRel|Any CPU.Build.0 = Release|Any CPU
		{1E1F822C-BBD1-423A-891C-DC7F954F859B}.MinSizeRel|Mixed Platforms.ActiveCfg = Release|Any CPU
		{1E1F822C-BBD1-423A-891C-DC7F954F859B}.MinSizeRel|Mixed Platforms.Build.0 = Release|Any CPU
		{1E1F822C-BBD1-423A-891C-DC7F954F859B}.MinSizeRel|Win32.ActiveCfg = Release|Any CPU
		{1E1F822C-BBD1-423A-891C-DC7F954F859B}.MinSizeRel|x64.ActiveCfg = Release|x64
		{1E1F822C-BBD1-423A-891C-DC7F954F859B}.MinSizeRel|x64.Build.0 = Release|x64
		{1E1F822C-BBD1-423A-891C-DC7F954F859B}.MinSizeRel|x86.ActiveCfg = Release|Any CPU
		{1E1F822C-BBD1-423A-891C-DC7F954F859B}.Release|Any CPU.ActiveCfg = Release|Any CPU
		{1E1F822C-BBD1-423A-891C-DC7F954F859B}.Release|Any CPU.Build.0 = Release|Any CPU
		{1E1F822C-BBD1-423A-891C-DC7F954F859B}.Release|Mixed Platforms.ActiveCfg = Release|Any CPU
		{1E1F822C-BBD1-423A-891C-DC7F954F859B}.Release|Mixed Platforms.Build.0 = Release|Any CPU
		{1E1F822C-BBD1-423A-891C-DC7F954F859B}.Release|Win32.ActiveCfg = Release|Any CPU
		{1E1F822C-BBD1-423A-891C-DC7F954F859B}.Release|x64.ActiveCfg = Release|Any CPU
		{1E1F822C-BBD1-423A-891C-DC7F954F859B}.Release|x64.Build.0 = Release|Any CPU
		{1E1F822C-BBD1-423A-891C-DC7F954F859B}.Release|x86.ActiveCfg = Release|Any CPU
		{1E1F822C-BBD1-423A-891C-DC7F954F859B}.Release|x86.Build.0 = Release|Any CPU
		{1E1F822C-BBD1-423A-891C-DC7F954F859B}.ReleaseKopiLua|Any CPU.ActiveCfg = Release|Any CPU
		{1E1F822C-BBD1-423A-891C-DC7F954F859B}.ReleaseKopiLua|Any CPU.Build.0 = Release|Any CPU
		{1E1F822C-BBD1-423A-891C-DC7F954F859B}.ReleaseKopiLua|Mixed Platforms.ActiveCfg = Release|Any CPU
		{1E1F822C-BBD1-423A-891C-DC7F954F859B}.ReleaseKopiLua|Mixed Platforms.Build.0 = Release|Any CPU
		{1E1F822C-BBD1-423A-891C-DC7F954F859B}.ReleaseKopiLua|Win32.ActiveCfg = Release|Any CPU
		{1E1F822C-BBD1-423A-891C-DC7F954F859B}.ReleaseKopiLua|x64.ActiveCfg = Release|Any CPU
		{1E1F822C-BBD1-423A-891C-DC7F954F859B}.ReleaseKopiLua|x64.Build.0 = Release|Any CPU
		{1E1F822C-BBD1-423A-891C-DC7F954F859B}.ReleaseKopiLua|x86.ActiveCfg = Release|Any CPU
		{1E1F822C-BBD1-423A-891C-DC7F954F859B}.ReleaseKopiLua|x86.Build.0 = Release|Any CPU
		{1E1F822C-BBD1-423A-891C-DC7F954F859B}.RelWithDebInfo|Any CPU.ActiveCfg = Release|Any CPU
		{1E1F822C-BBD1-423A-891C-DC7F954F859B}.RelWithDebInfo|Any CPU.Build.0 = Release|Any CPU
		{1E1F822C-BBD1-423A-891C-DC7F954F859B}.RelWithDebInfo|Mixed Platforms.ActiveCfg = Release|Any CPU
		{1E1F822C-BBD1-423A-891C-DC7F954F859B}.RelWithDebInfo|Mixed Platforms.Build.0 = Release|Any CPU
		{1E1F822C-BBD1-423A-891C-DC7F954F859B}.RelWithDebInfo|Win32.ActiveCfg = Release|Any CPU
		{1E1F822C-BBD1-423A-891C-DC7F954F859B}.RelWithDebInfo|x64.ActiveCfg = Release|x64
		{1E1F822C-BBD1-423A-891C-DC7F954F859B}.RelWithDebInfo|x64.Build.0 = Release|x64
		{1E1F822C-BBD1-423A-891C-DC7F954F859B}.RelWithDebInfo|x86.ActiveCfg = Release|Any CPU
		{29C8D200-4BA4-46AC-8C17-58B65A7C28C7}.Debug|Any CPU.ActiveCfg = Debug|Any CPU
		{29C8D200-4BA4-46AC-8C17-58B65A7C28C7}.Debug|Any CPU.Build.0 = Debug|Any CPU
		{29C8D200-4BA4-46AC-8C17-58B65A7C28C7}.Debug|Mixed Platforms.ActiveCfg = Debug|Any CPU
		{29C8D200-4BA4-46AC-8C17-58B65A7C28C7}.Debug|Mixed Platforms.Build.0 = Debug|Any CPU
		{29C8D200-4BA4-46AC-8C17-58B65A7C28C7}.Debug|Win32.ActiveCfg = Debug|Any CPU
		{29C8D200-4BA4-46AC-8C17-58B65A7C28C7}.Debug|x64.ActiveCfg = Debug|Any CPU
		{29C8D200-4BA4-46AC-8C17-58B65A7C28C7}.Debug|x64.Build.0 = Debug|Any CPU
		{29C8D200-4BA4-46AC-8C17-58B65A7C28C7}.Debug|x86.ActiveCfg = Debug|Any CPU
		{29C8D200-4BA4-46AC-8C17-58B65A7C28C7}.Debug|x86.Build.0 = Debug|Any CPU
		{29C8D200-4BA4-46AC-8C17-58B65A7C28C7}.DebugKopiLua|Any CPU.ActiveCfg = Debug|Any CPU
		{29C8D200-4BA4-46AC-8C17-58B65A7C28C7}.DebugKopiLua|Any CPU.Build.0 = Debug|Any CPU
		{29C8D200-4BA4-46AC-8C17-58B65A7C28C7}.DebugKopiLua|Mixed Platforms.ActiveCfg = Debug|Any CPU
		{29C8D200-4BA4-46AC-8C17-58B65A7C28C7}.DebugKopiLua|Mixed Platforms.Build.0 = Debug|Any CPU
		{29C8D200-4BA4-46AC-8C17-58B65A7C28C7}.DebugKopiLua|Win32.ActiveCfg = Debug|Any CPU
		{29C8D200-4BA4-46AC-8C17-58B65A7C28C7}.DebugKopiLua|x64.ActiveCfg = Debug|Any CPU
		{29C8D200-4BA4-46AC-8C17-58B65A7C28C7}.DebugKopiLua|x64.Build.0 = Debug|Any CPU
		{29C8D200-4BA4-46AC-8C17-58B65A7C28C7}.DebugKopiLua|x86.ActiveCfg = Debug|Any CPU
		{29C8D200-4BA4-46AC-8C17-58B65A7C28C7}.DebugKopiLua|x86.Build.0 = Debug|Any CPU
		{29C8D200-4BA4-46AC-8C17-58B65A7C28C7}.MinSizeRel|Any CPU.ActiveCfg = Release|Any CPU
		{29C8D200-4BA4-46AC-8C17-58B65A7C28C7}.MinSizeRel|Any CPU.Build.0 = Release|Any CPU
		{29C8D200-4BA4-46AC-8C17-58B65A7C28C7}.MinSizeRel|Mixed Platforms.ActiveCfg = Release|Any CPU
		{29C8D200-4BA4-46AC-8C17-58B65A7C28C7}.MinSizeRel|Mixed Platforms.Build.0 = Release|Any CPU
		{29C8D200-4BA4-46AC-8C17-58B65A7C28C7}.MinSizeRel|Win32.ActiveCfg = Release|Any CPU
		{29C8D200-4BA4-46AC-8C17-58B65A7C28C7}.MinSizeRel|x64.ActiveCfg = Release|x64
		{29C8D200-4BA4-46AC-8C17-58B65A7C28C7}.MinSizeRel|x64.Build.0 = Release|x64
		{29C8D200-4BA4-46AC-8C17-58B65A7C28C7}.MinSizeRel|x86.ActiveCfg = Release|Any CPU
		{29C8D200-4BA4-46AC-8C17-58B65A7C28C7}.Release|Any CPU.ActiveCfg = Release|Any CPU
		{29C8D200-4BA4-46AC-8C17-58B65A7C28C7}.Release|Any CPU.Build.0 = Release|Any CPU
		{29C8D200-4BA4-46AC-8C17-58B65A7C28C7}.Release|Mixed Platforms.ActiveCfg = Release|Any CPU
		{29C8D200-4BA4-46AC-8C17-58B65A7C28C7}.Release|Mixed Platforms.Build.0 = Release|Any CPU
		{29C8D200-4BA4-46AC-8C17-58B65A7C28C7}.Release|Win32.ActiveCfg = Release|Any CPU
		{29C8D200-4BA4-46AC-8C17-58B65A7C28C7}.Release|x64.ActiveCfg = Release|Any CPU
		{29C8D200-4BA4-46AC-8C17-58B65A7C28C7}.Release|x64.Build.0 = Release|Any CPU
		{29C8D200-4BA4-46AC-8C17-58B65A7C28C7}.Release|x86.ActiveCfg = Release|Any CPU
		{29C8D200-4BA4-46AC-8C17-58B65A7C28C7}.Release|x86.Build.0 = Release|Any CPU
		{29C8D200-4BA4-46AC-8C17-58B65A7C28C7}.ReleaseKopiLua|Any CPU.ActiveCfg = Release|Any CPU
		{29C8D200-4BA4-46AC-8C17-58B65A7C28C7}.ReleaseKopiLua|Any CPU.Build.0 = Release|Any CPU
		{29C8D200-4BA4-46AC-8C17-58B65A7C28C7}.ReleaseKopiLua|Mixed Platforms.ActiveCfg = Release|Any CPU
		{29C8D200-4BA4-46AC-8C17-58B65A7C28C7}.ReleaseKopiLua|Mixed Platforms.Build.0 = Release|Any CPU
		{29C8D200-4BA4-46AC-8C17-58B65A7C28C7}.ReleaseKopiLua|Win32.ActiveCfg = Release|Any CPU
		{29C8D200-4BA4-46AC-8C17-58B65A7C28C7}.ReleaseKopiLua|x64.ActiveCfg = Release|Any CPU
		{29C8D200-4BA4-46AC-8C17-58B65A7C28C7}.ReleaseKopiLua|x64.Build.0 = Release|Any CPU
		{29C8D200-4BA4-46AC-8C17-58B65A7C28C7}.ReleaseKopiLua|x86.ActiveCfg = Release|Any CPU
		{29C8D200-4BA4-46AC-8C17-58B65A7C28C7}.ReleaseKopiLua|x86.Build.0 = Release|Any CPU
		{29C8D200-4BA4-46AC-8C17-58B65A7C28C7}.RelWithDebInfo|Any CPU.ActiveCfg = Release|Any CPU
		{29C8D200-4BA4-46AC-8C17-58B65A7C28C7}.RelWithDebInfo|Any CPU.Build.0 = Release|Any CPU
		{29C8D200-4BA4-46AC-8C17-58B65A7C28C7}.RelWithDebInfo|Mixed Platforms.ActiveCfg = Release|Any CPU
		{29C8D200-4BA4-46AC-8C17-58B65A7C28C7}.RelWithDebInfo|Mixed Platforms.Build.0 = Release|Any CPU
		{29C8D200-4BA4-46AC-8C17-58B65A7C28C7}.RelWithDebInfo|Win32.ActiveCfg = Release|Any CPU
		{29C8D200-4BA4-46AC-8C17-58B65A7C28C7}.RelWithDebInfo|x64.ActiveCfg = Release|x64
		{29C8D200-4BA4-46AC-8C17-58B65A7C28C7}.RelWithDebInfo|x64.Build.0 = Release|x64
		{29C8D200-4BA4-46AC-8C17-58B65A7C28C7}.RelWithDebInfo|x86.ActiveCfg = Release|Any CPU
		{CEE40E26-03BF-4CBA-91CB-E6A953CA58DF}.Debug|Any CPU.ActiveCfg = Debug|Any CPU
		{CEE40E26-03BF-4CBA-91CB-E6A953CA58DF}.Debug|Any CPU.Build.0 = Debug|Any CPU
		{CEE40E26-03BF-4CBA-91CB-E6A953CA58DF}.Debug|Mixed Platforms.ActiveCfg = Debug|Any CPU
		{CEE40E26-03BF-4CBA-91CB-E6A953CA58DF}.Debug|Mixed Platforms.Build.0 = Debug|Any CPU
		{CEE40E26-03BF-4CBA-91CB-E6A953CA58DF}.Debug|Win32.ActiveCfg = Debug|Any CPU
		{CEE40E26-03BF-4CBA-91CB-E6A953CA58DF}.Debug|x64.ActiveCfg = Debug|Any CPU
		{CEE40E26-03BF-4CBA-91CB-E6A953CA58DF}.Debug|x64.Build.0 = Debug|Any CPU
		{CEE40E26-03BF-4CBA-91CB-E6A953CA58DF}.Debug|x86.ActiveCfg = Debug|Any CPU
		{CEE40E26-03BF-4CBA-91CB-E6A953CA58DF}.Debug|x86.Build.0 = Debug|Any CPU
		{CEE40E26-03BF-4CBA-91CB-E6A953CA58DF}.DebugKopiLua|Any CPU.ActiveCfg = Debug|Any CPU
		{CEE40E26-03BF-4CBA-91CB-E6A953CA58DF}.DebugKopiLua|Any CPU.Build.0 = Debug|Any CPU
		{CEE40E26-03BF-4CBA-91CB-E6A953CA58DF}.DebugKopiLua|Mixed Platforms.ActiveCfg = Debug|Any CPU
		{CEE40E26-03BF-4CBA-91CB-E6A953CA58DF}.DebugKopiLua|Mixed Platforms.Build.0 = Debug|Any CPU
		{CEE40E26-03BF-4CBA-91CB-E6A953CA58DF}.DebugKopiLua|Win32.ActiveCfg = Debug|Any CPU
		{CEE40E26-03BF-4CBA-91CB-E6A953CA58DF}.DebugKopiLua|x64.ActiveCfg = Debug|Any CPU
		{CEE40E26-03BF-4CBA-91CB-E6A953CA58DF}.DebugKopiLua|x64.Build.0 = Debug|Any CPU
		{CEE40E26-03BF-4CBA-91CB-E6A953CA58DF}.DebugKopiLua|x86.ActiveCfg = Debug|Any CPU
		{CEE40E26-03BF-4CBA-91CB-E6A953CA58DF}.DebugKopiLua|x86.Build.0 = Debug|Any CPU
		{CEE40E26-03BF-4CBA-91CB-E6A953CA58DF}.MinSizeRel|Any CPU.ActiveCfg = Release|Any CPU
		{CEE40E26-03BF-4CBA-91CB-E6A953CA58DF}.MinSizeRel|Any CPU.Build.0 = Release|Any CPU
		{CEE40E26-03BF-4CBA-91CB-E6A953CA58DF}.MinSizeRel|Mixed Platforms.ActiveCfg = Release|Any CPU
		{CEE40E26-03BF-4CBA-91CB-E6A953CA58DF}.MinSizeRel|Mixed Platforms.Build.0 = Release|Any CPU
		{CEE40E26-03BF-4CBA-91CB-E6A953CA58DF}.MinSizeRel|Win32.ActiveCfg = Release|Any CPU
		{CEE40E26-03BF-4CBA-91CB-E6A953CA58DF}.MinSizeRel|x64.ActiveCfg = Release|x64
		{CEE40E26-03BF-4CBA-91CB-E6A953CA58DF}.MinSizeRel|x64.Build.0 = Release|x64
		{CEE40E26-03BF-4CBA-91CB-E6A953CA58DF}.MinSizeRel|x86.ActiveCfg = Release|Any CPU
		{CEE40E26-03BF-4CBA-91CB-E6A953CA58DF}.Release|Any CPU.ActiveCfg = Release|Any CPU
		{CEE40E26-03BF-4CBA-91CB-E6A953CA58DF}.Release|Any CPU.Build.0 = Release|Any CPU
		{CEE40E26-03BF-4CBA-91CB-E6A953CA58DF}.Release|Mixed Platforms.ActiveCfg = Release|Any CPU
		{CEE40E26-03BF-4CBA-91CB-E6A953CA58DF}.Release|Mixed Platforms.Build.0 = Release|Any CPU
		{CEE40E26-03BF-4CBA-91CB-E6A953CA58DF}.Release|Win32.ActiveCfg = Release|Any CPU
		{CEE40E26-03BF-4CBA-91CB-E6A953CA58DF}.Release|x64.ActiveCfg = Release|Any CPU
		{CEE40E26-03BF-4CBA-91CB-E6A953CA58DF}.Release|x64.Build.0 = Release|Any CPU
		{CEE40E26-03BF-4CBA-91CB-E6A953CA58DF}.Release|x86.ActiveCfg = Release|Any CPU
		{CEE40E26-03BF-4CBA-91CB-E6A953CA58DF}.Release|x86.Build.0 = Release|Any CPU
		{CEE40E26-03BF-4CBA-91CB-E6A953CA58DF}.ReleaseKopiLua|Any CPU.ActiveCfg = Release|Any CPU
		{CEE40E26-03BF-4CBA-91CB-E6A953CA58DF}.ReleaseKopiLua|Any CPU.Build.0 = Release|Any CPU
		{CEE40E26-03BF-4CBA-91CB-E6A953CA58DF}.ReleaseKopiLua|Mixed Platforms.ActiveCfg = Release|Any CPU
		{CEE40E26-03BF-4CBA-91CB-E6A953CA58DF}.ReleaseKopiLua|Mixed Platforms.Build.0 = Release|Any CPU
		{CEE40E26-03BF-4CBA-91CB-E6A953CA58DF}.ReleaseKopiLua|Win32.ActiveCfg = Release|Any CPU
		{CEE40E26-03BF-4CBA-91CB-E6A953CA58DF}.ReleaseKopiLua|x64.ActiveCfg = Release|Any CPU
		{CEE40E26-03BF-4CBA-91CB-E6A953CA58DF}.ReleaseKopiLua|x64.Build.0 = Release|Any CPU
		{CEE40E26-03BF-4CBA-91CB-E6A953CA58DF}.ReleaseKopiLua|x86.ActiveCfg = Release|Any CPU
		{CEE40E26-03BF-4CBA-91CB-E6A953CA58DF}.ReleaseKopiLua|x86.Build.0 = Release|Any CPU
		{CEE40E26-03BF-4CBA-91CB-E6A953CA58DF}.RelWithDebInfo|Any CPU.ActiveCfg = Release|Any CPU
		{CEE40E26-03BF-4CBA-91CB-E6A953CA58DF}.RelWithDebInfo|Any CPU.Build.0 = Release|Any CPU
		{CEE40E26-03BF-4CBA-91CB-E6A953CA58DF}.RelWithDebInfo|Mixed Platforms.ActiveCfg = Release|Any CPU
		{CEE40E26-03BF-4CBA-91CB-E6A953CA58DF}.RelWithDebInfo|Mixed Platforms.Build.0 = Release|Any CPU
		{CEE40E26-03BF-4CBA-91CB-E6A953CA58DF}.RelWithDebInfo|Win32.ActiveCfg = Release|Any CPU
		{CEE40E26-03BF-4CBA-91CB-E6A953CA58DF}.RelWithDebInfo|x64.ActiveCfg = Release|x64
		{CEE40E26-03BF-4CBA-91CB-E6A953CA58DF}.RelWithDebInfo|x64.Build.0 = Release|x64
		{CEE40E26-03BF-4CBA-91CB-E6A953CA58DF}.RelWithDebInfo|x86.ActiveCfg = Release|Any CPU
		{47153754-10F5-44D8-B578-F5A32B69061A}.Debug|Any CPU.ActiveCfg = Debug|Any CPU
		{47153754-10F5-44D8-B578-F5A32B69061A}.Debug|Any CPU.Build.0 = Debug|Any CPU
		{47153754-10F5-44D8-B578-F5A32B69061A}.Debug|Mixed Platforms.ActiveCfg = Debug|Any CPU
		{47153754-10F5-44D8-B578-F5A32B69061A}.Debug|Mixed Platforms.Build.0 = Debug|Any CPU
		{47153754-10F5-44D8-B578-F5A32B69061A}.Debug|Win32.ActiveCfg = Debug|Any CPU
		{47153754-10F5-44D8-B578-F5A32B69061A}.Debug|x64.ActiveCfg = Debug|Any CPU
		{47153754-10F5-44D8-B578-F5A32B69061A}.Debug|x86.ActiveCfg = Debug|Any CPU
		{47153754-10F5-44D8-B578-F5A32B69061A}.DebugKopiLua|Any CPU.ActiveCfg = DebugKopiLua|Any CPU
		{47153754-10F5-44D8-B578-F5A32B69061A}.DebugKopiLua|Any CPU.Build.0 = DebugKopiLua|Any CPU
		{47153754-10F5-44D8-B578-F5A32B69061A}.DebugKopiLua|Mixed Platforms.ActiveCfg = DebugKopiLua|Any CPU
		{47153754-10F5-44D8-B578-F5A32B69061A}.DebugKopiLua|Mixed Platforms.Build.0 = DebugKopiLua|Any CPU
		{47153754-10F5-44D8-B578-F5A32B69061A}.DebugKopiLua|Win32.ActiveCfg = DebugKopiLua|Any CPU
		{47153754-10F5-44D8-B578-F5A32B69061A}.DebugKopiLua|x64.ActiveCfg = DebugKopiLua|Any CPU
		{47153754-10F5-44D8-B578-F5A32B69061A}.DebugKopiLua|x86.ActiveCfg = DebugKopiLua|Any CPU
		{47153754-10F5-44D8-B578-F5A32B69061A}.MinSizeRel|Any CPU.ActiveCfg = ReleaseKopiLua|Any CPU
		{47153754-10F5-44D8-B578-F5A32B69061A}.MinSizeRel|Any CPU.Build.0 = ReleaseKopiLua|Any CPU
		{47153754-10F5-44D8-B578-F5A32B69061A}.MinSizeRel|Mixed Platforms.ActiveCfg = ReleaseKopiLua|Any CPU
		{47153754-10F5-44D8-B578-F5A32B69061A}.MinSizeRel|Mixed Platforms.Build.0 = ReleaseKopiLua|Any CPU
		{47153754-10F5-44D8-B578-F5A32B69061A}.MinSizeRel|Win32.ActiveCfg = ReleaseKopiLua|Any CPU
		{47153754-10F5-44D8-B578-F5A32B69061A}.MinSizeRel|x64.ActiveCfg = ReleaseKopiLua|Any CPU
		{47153754-10F5-44D8-B578-F5A32B69061A}.MinSizeRel|x86.ActiveCfg = ReleaseKopiLua|Any CPU
		{47153754-10F5-44D8-B578-F5A32B69061A}.Release|Any CPU.ActiveCfg = Release|Any CPU
		{47153754-10F5-44D8-B578-F5A32B69061A}.Release|Any CPU.Build.0 = Release|Any CPU
		{47153754-10F5-44D8-B578-F5A32B69061A}.Release|Mixed Platforms.ActiveCfg = Release|Any CPU
		{47153754-10F5-44D8-B578-F5A32B69061A}.Release|Mixed Platforms.Build.0 = Release|Any CPU
		{47153754-10F5-44D8-B578-F5A32B69061A}.Release|Win32.ActiveCfg = Release|Any CPU
		{47153754-10F5-44D8-B578-F5A32B69061A}.Release|x64.ActiveCfg = Release|Any CPU
		{47153754-10F5-44D8-B578-F5A32B69061A}.Release|x86.ActiveCfg = Release|Any CPU
		{47153754-10F5-44D8-B578-F5A32B69061A}.ReleaseKopiLua|Any CPU.ActiveCfg = ReleaseKopiLua|Any CPU
		{47153754-10F5-44D8-B578-F5A32B69061A}.ReleaseKopiLua|Any CPU.Build.0 = ReleaseKopiLua|Any CPU
		{47153754-10F5-44D8-B578-F5A32B69061A}.ReleaseKopiLua|Mixed Platforms.ActiveCfg = ReleaseKopiLua|Any CPU
		{47153754-10F5-44D8-B578-F5A32B69061A}.ReleaseKopiLua|Mixed Platforms.Build.0 = ReleaseKopiLua|Any CPU
		{47153754-10F5-44D8-B578-F5A32B69061A}.ReleaseKopiLua|Win32.ActiveCfg = ReleaseKopiLua|Any CPU
		{47153754-10F5-44D8-B578-F5A32B69061A}.ReleaseKopiLua|x64.ActiveCfg = ReleaseKopiLua|Any CPU
		{47153754-10F5-44D8-B578-F5A32B69061A}.ReleaseKopiLua|x86.ActiveCfg = ReleaseKopiLua|Any CPU
		{47153754-10F5-44D8-B578-F5A32B69061A}.RelWithDebInfo|Any CPU.ActiveCfg = ReleaseKopiLua|Any CPU
		{47153754-10F5-44D8-B578-F5A32B69061A}.RelWithDebInfo|Any CPU.Build.0 = ReleaseKopiLua|Any CPU
		{47153754-10F5-44D8-B578-F5A32B69061A}.RelWithDebInfo|Mixed Platforms.ActiveCfg = ReleaseKopiLua|Any CPU
		{47153754-10F5-44D8-B578-F5A32B69061A}.RelWithDebInfo|Mixed Platforms.Build.0 = ReleaseKopiLua|Any CPU
		{47153754-10F5-44D8-B578-F5A32B69061A}.RelWithDebInfo|Win32.ActiveCfg = ReleaseKopiLua|Any CPU
		{47153754-10F5-44D8-B578-F5A32B69061A}.RelWithDebInfo|x64.ActiveCfg = ReleaseKopiLua|Any CPU
		{47153754-10F5-44D8-B578-F5A32B69061A}.RelWithDebInfo|x86.ActiveCfg = ReleaseKopiLua|Any CPU
		{E8DDBC21-EF74-4ABA-9C49-BFC702BE25D8}.Debug|Any CPU.ActiveCfg = Debug|Any CPU
		{E8DDBC21-EF74-4ABA-9C49-BFC702BE25D8}.Debug|Any CPU.Build.0 = Debug|Any CPU
		{E8DDBC21-EF74-4ABA-9C49-BFC702BE25D8}.Debug|Mixed Platforms.ActiveCfg = Debug|Any CPU
		{E8DDBC21-EF74-4ABA-9C49-BFC702BE25D8}.Debug|Mixed Platforms.Build.0 = Debug|Any CPU
		{E8DDBC21-EF74-4ABA-9C49-BFC702BE25D8}.Debug|Win32.ActiveCfg = Debug|Any CPU
		{E8DDBC21-EF74-4ABA-9C49-BFC702BE25D8}.Debug|x64.ActiveCfg = Debug|Any CPU
		{E8DDBC21-EF74-4ABA-9C49-BFC702BE25D8}.Debug|x86.ActiveCfg = Debug|Any CPU
		{E8DDBC21-EF74-4ABA-9C49-BFC702BE25D8}.DebugKopiLua|Any CPU.ActiveCfg = DebugKopiLua|Any CPU
		{E8DDBC21-EF74-4ABA-9C49-BFC702BE25D8}.DebugKopiLua|Any CPU.Build.0 = DebugKopiLua|Any CPU
		{E8DDBC21-EF74-4ABA-9C49-BFC702BE25D8}.DebugKopiLua|Mixed Platforms.ActiveCfg = DebugKopiLua|Any CPU
		{E8DDBC21-EF74-4ABA-9C49-BFC702BE25D8}.DebugKopiLua|Mixed Platforms.Build.0 = DebugKopiLua|Any CPU
		{E8DDBC21-EF74-4ABA-9C49-BFC702BE25D8}.DebugKopiLua|Win32.ActiveCfg = DebugKopiLua|Any CPU
		{E8DDBC21-EF74-4ABA-9C49-BFC702BE25D8}.DebugKopiLua|x64.ActiveCfg = DebugKopiLua|Any CPU
		{E8DDBC21-EF74-4ABA-9C49-BFC702BE25D8}.DebugKopiLua|x86.ActiveCfg = DebugKopiLua|Any CPU
		{E8DDBC21-EF74-4ABA-9C49-BFC702BE25D8}.MinSizeRel|Any CPU.ActiveCfg = ReleaseKopiLua|Any CPU
		{E8DDBC21-EF74-4ABA-9C49-BFC702BE25D8}.MinSizeRel|Any CPU.Build.0 = ReleaseKopiLua|Any CPU
		{E8DDBC21-EF74-4ABA-9C49-BFC702BE25D8}.MinSizeRel|Mixed Platforms.ActiveCfg = ReleaseKopiLua|Any CPU
		{E8DDBC21-EF74-4ABA-9C49-BFC702BE25D8}.MinSizeRel|Mixed Platforms.Build.0 = ReleaseKopiLua|Any CPU
		{E8DDBC21-EF74-4ABA-9C49-BFC702BE25D8}.MinSizeRel|Win32.ActiveCfg = ReleaseKopiLua|Any CPU
		{E8DDBC21-EF74-4ABA-9C49-BFC702BE25D8}.MinSizeRel|x64.ActiveCfg = ReleaseKopiLua|Any CPU
		{E8DDBC21-EF74-4ABA-9C49-BFC702BE25D8}.MinSizeRel|x86.ActiveCfg = ReleaseKopiLua|Any CPU
		{E8DDBC21-EF74-4ABA-9C49-BFC702BE25D8}.Release|Any CPU.ActiveCfg = Release|Any CPU
		{E8DDBC21-EF74-4ABA-9C49-BFC702BE25D8}.Release|Any CPU.Build.0 = Release|Any CPU
		{E8DDBC21-EF74-4ABA-9C49-BFC702BE25D8}.Release|Mixed Platforms.ActiveCfg = Release|Any CPU
		{E8DDBC21-EF74-4ABA-9C49-BFC702BE25D8}.Release|Mixed Platforms.Build.0 = Release|Any CPU
		{E8DDBC21-EF74-4ABA-9C49-BFC702BE25D8}.Release|Win32.ActiveCfg = Release|Any CPU
		{E8DDBC21-EF74-4ABA-9C49-BFC702BE25D8}.Release|x64.ActiveCfg = Release|Any CPU
		{E8DDBC21-EF74-4ABA-9C49-BFC702BE25D8}.Release|x86.ActiveCfg = Release|Any CPU
		{E8DDBC21-EF74-4ABA-9C49-BFC702BE25D8}.ReleaseKopiLua|Any CPU.ActiveCfg = ReleaseKopiLua|Any CPU
		{E8DDBC21-EF74-4ABA-9C49-BFC702BE25D8}.ReleaseKopiLua|Any CPU.Build.0 = ReleaseKopiLua|Any CPU
		{E8DDBC21-EF74-4ABA-9C49-BFC702BE25D8}.ReleaseKopiLua|Mixed Platforms.ActiveCfg = ReleaseKopiLua|Any CPU
		{E8DDBC21-EF74-4ABA-9C49-BFC702BE25D8}.ReleaseKopiLua|Mixed Platforms.Build.0 = ReleaseKopiLua|Any CPU
		{E8DDBC21-EF74-4ABA-9C49-BFC702BE25D8}.ReleaseKopiLua|Win32.ActiveCfg = ReleaseKopiLua|Any CPU
		{E8DDBC21-EF74-4ABA-9C49-BFC702BE25D8}.ReleaseKopiLua|x64.ActiveCfg = ReleaseKopiLua|Any CPU
		{E8DDBC21-EF74-4ABA-9C49-BFC702BE25D8}.ReleaseKopiLua|x86.ActiveCfg = ReleaseKopiLua|Any CPU
		{E8DDBC21-EF74-4ABA-9C49-BFC702BE25D8}.RelWithDebInfo|Any CPU.ActiveCfg = ReleaseKopiLua|Any CPU
		{E8DDBC21-EF74-4ABA-9C49-BFC702BE25D8}.RelWithDebInfo|Any CPU.Build.0 = ReleaseKopiLua|Any CPU
		{E8DDBC21-EF74-4ABA-9C49-BFC702BE25D8}.RelWithDebInfo|Mixed Platforms.ActiveCfg = ReleaseKopiLua|Any CPU
		{E8DDBC21-EF74-4ABA-9C49-BFC702BE25D8}.RelWithDebInfo|Mixed Platforms.Build.0 = ReleaseKopiLua|Any CPU
		{E8DDBC21-EF74-4ABA-9C49-BFC702BE25D8}.RelWithDebInfo|Win32.ActiveCfg = ReleaseKopiLua|Any CPU
		{E8DDBC21-EF74-4ABA-9C49-BFC702BE25D8}.RelWithDebInfo|x64.ActiveCfg = ReleaseKopiLua|Any CPU
		{E8DDBC21-EF74-4ABA-9C49-BFC702BE25D8}.RelWithDebInfo|x86.ActiveCfg = ReleaseKopiLua|Any CPU
		{F55CABBB-4108-4A39-94E1-581FD46DC021}.Debug|Any CPU.ActiveCfg = Debug|Any CPU
		{F55CABBB-4108-4A39-94E1-581FD46DC021}.Debug|Any CPU.Build.0 = Debug|Any CPU
		{F55CABBB-4108-4A39-94E1-581FD46DC021}.Debug|Mixed Platforms.ActiveCfg = Debug|Any CPU
		{F55CABBB-4108-4A39-94E1-581FD46DC021}.Debug|Mixed Platforms.Build.0 = Debug|Any CPU
		{F55CABBB-4108-4A39-94E1-581FD46DC021}.Debug|Win32.ActiveCfg = Debug|Any CPU
		{F55CABBB-4108-4A39-94E1-581FD46DC021}.Debug|x64.ActiveCfg = Debug|Any CPU
		{F55CABBB-4108-4A39-94E1-581FD46DC021}.Debug|x86.ActiveCfg = Debug|Any CPU
		{F55CABBB-4108-4A39-94E1-581FD46DC021}.DebugKopiLua|Any CPU.ActiveCfg = DebugKopiLua|Any CPU
		{F55CABBB-4108-4A39-94E1-581FD46DC021}.DebugKopiLua|Any CPU.Build.0 = DebugKopiLua|Any CPU
		{F55CABBB-4108-4A39-94E1-581FD46DC021}.DebugKopiLua|Mixed Platforms.ActiveCfg = DebugKopiLua|Any CPU
		{F55CABBB-4108-4A39-94E1-581FD46DC021}.DebugKopiLua|Mixed Platforms.Build.0 = DebugKopiLua|Any CPU
		{F55CABBB-4108-4A39-94E1-581FD46DC021}.DebugKopiLua|Win32.ActiveCfg = DebugKopiLua|Any CPU
		{F55CABBB-4108-4A39-94E1-581FD46DC021}.DebugKopiLua|x64.ActiveCfg = DebugKopiLua|Any CPU
		{F55CABBB-4108-4A39-94E1-581FD46DC021}.DebugKopiLua|x86.ActiveCfg = DebugKopiLua|Any CPU
		{F55CABBB-4108-4A39-94E1-581FD46DC021}.MinSizeRel|Any CPU.ActiveCfg = ReleaseKopiLua|Any CPU
		{F55CABBB-4108-4A39-94E1-581FD46DC021}.MinSizeRel|Any CPU.Build.0 = ReleaseKopiLua|Any CPU
		{F55CABBB-4108-4A39-94E1-581FD46DC021}.MinSizeRel|Mixed Platforms.ActiveCfg = ReleaseKopiLua|Any CPU
		{F55CABBB-4108-4A39-94E1-581FD46DC021}.MinSizeRel|Mixed Platforms.Build.0 = ReleaseKopiLua|Any CPU
		{F55CABBB-4108-4A39-94E1-581FD46DC021}.MinSizeRel|Win32.ActiveCfg = ReleaseKopiLua|Any CPU
		{F55CABBB-4108-4A39-94E1-581FD46DC021}.MinSizeRel|x64.ActiveCfg = ReleaseKopiLua|Any CPU
		{F55CABBB-4108-4A39-94E1-581FD46DC021}.MinSizeRel|x86.ActiveCfg = ReleaseKopiLua|Any CPU
		{F55CABBB-4108-4A39-94E1-581FD46DC021}.Release|Any CPU.ActiveCfg = Release|Any CPU
		{F55CABBB-4108-4A39-94E1-581FD46DC021}.Release|Any CPU.Build.0 = Release|Any CPU
		{F55CABBB-4108-4A39-94E1-581FD46DC021}.Release|Mixed Platforms.ActiveCfg = Release|Any CPU
		{F55CABBB-4108-4A39-94E1-581FD46DC021}.Release|Mixed Platforms.Build.0 = Release|Any CPU
		{F55CABBB-4108-4A39-94E1-581FD46DC021}.Release|Win32.ActiveCfg = Release|Any CPU
		{F55CABBB-4108-4A39-94E1-581FD46DC021}.Release|x64.ActiveCfg = Release|Any CPU
		{F55CABBB-4108-4A39-94E1-581FD46DC021}.Release|x86.ActiveCfg = Release|Any CPU
		{F55CABBB-4108-4A39-94E1-581FD46DC021}.ReleaseKopiLua|Any CPU.ActiveCfg = ReleaseKopiLua|Any CPU
		{F55CABBB-4108-4A39-94E1-581FD46DC021}.ReleaseKopiLua|Any CPU.Build.0 = ReleaseKopiLua|Any CPU
		{F55CABBB-4108-4A39-94E1-581FD46DC021}.ReleaseKopiLua|Mixed Platforms.ActiveCfg = ReleaseKopiLua|Any CPU
		{F55CABBB-4108-4A39-94E1-581FD46DC021}.ReleaseKopiLua|Mixed Platforms.Build.0 = ReleaseKopiLua|Any CPU
		{F55CABBB-4108-4A39-94E1-581FD46DC021}.ReleaseKopiLua|Win32.ActiveCfg = ReleaseKopiLua|Any CPU
		{F55CABBB-4108-4A39-94E1-581FD46DC021}.ReleaseKopiLua|x64.ActiveCfg = ReleaseKopiLua|Any CPU
		{F55CABBB-4108-4A39-94E1-581FD46DC021}.ReleaseKopiLua|x86.ActiveCfg = ReleaseKopiLua|Any CPU
		{F55CABBB-4108-4A39-94E1-581FD46DC021}.RelWithDebInfo|Any CPU.ActiveCfg = ReleaseKopiLua|Any CPU
		{F55CABBB-4108-4A39-94E1-581FD46DC021}.RelWithDebInfo|Any CPU.Build.0 = ReleaseKopiLua|Any CPU
		{F55CABBB-4108-4A39-94E1-581FD46DC021}.RelWithDebInfo|Mixed Platforms.ActiveCfg = ReleaseKopiLua|Any CPU
		{F55CABBB-4108-4A39-94E1-581FD46DC021}.RelWithDebInfo|Mixed Platforms.Build.0 = ReleaseKopiLua|Any CPU
		{F55CABBB-4108-4A39-94E1-581FD46DC021}.RelWithDebInfo|Win32.ActiveCfg = ReleaseKopiLua|Any CPU
		{F55CABBB-4108-4A39-94E1-581FD46DC021}.RelWithDebInfo|x64.ActiveCfg = ReleaseKopiLua|Any CPU
		{F55CABBB-4108-4A39-94E1-581FD46DC021}.RelWithDebInfo|x86.ActiveCfg = ReleaseKopiLua|Any CPU
		{828DF940-C68C-4E53-8022-6502A4A0701F}.Debug|Any CPU.ActiveCfg = Debug|Win32
		{828DF940-C68C-4E53-8022-6502A4A0701F}.Debug|Mixed Platforms.ActiveCfg = Debug|Win32
		{828DF940-C68C-4E53-8022-6502A4A0701F}.Debug|Mixed Platforms.Build.0 = Debug|Win32
		{828DF940-C68C-4E53-8022-6502A4A0701F}.Debug|Win32.ActiveCfg = Debug|Win32
		{828DF940-C68C-4E53-8022-6502A4A0701F}.Debug|Win32.Build.0 = Debug|Win32
		{828DF940-C68C-4E53-8022-6502A4A0701F}.Debug|x64.ActiveCfg = Debug|Win32
		{828DF940-C68C-4E53-8022-6502A4A0701F}.Debug|x86.ActiveCfg = Debug|Win32
		{828DF940-C68C-4E53-8022-6502A4A0701F}.Debug|x86.Build.0 = Debug|Win32
		{828DF940-C68C-4E53-8022-6502A4A0701F}.DebugKopiLua|Any CPU.ActiveCfg = Debug|Win32
		{828DF940-C68C-4E53-8022-6502A4A0701F}.DebugKopiLua|Mixed Platforms.ActiveCfg = Debug|Win32
		{828DF940-C68C-4E53-8022-6502A4A0701F}.DebugKopiLua|Mixed Platforms.Build.0 = Debug|Win32
		{828DF940-C68C-4E53-8022-6502A4A0701F}.DebugKopiLua|Win32.ActiveCfg = Debug|Win32
		{828DF940-C68C-4E53-8022-6502A4A0701F}.DebugKopiLua|Win32.Build.0 = Debug|Win32
		{828DF940-C68C-4E53-8022-6502A4A0701F}.DebugKopiLua|x64.ActiveCfg = Debug|Win32
		{828DF940-C68C-4E53-8022-6502A4A0701F}.DebugKopiLua|x86.ActiveCfg = Debug|Win32
		{828DF940-C68C-4E53-8022-6502A4A0701F}.DebugKopiLua|x86.Build.0 = Debug|Win32
		{828DF940-C68C-4E53-8022-6502A4A0701F}.MinSizeRel|Any CPU.ActiveCfg = MinSizeRel|Win32
		{828DF940-C68C-4E53-8022-6502A4A0701F}.MinSizeRel|Mixed Platforms.ActiveCfg = MinSizeRel|Win32
		{828DF940-C68C-4E53-8022-6502A4A0701F}.MinSizeRel|Mixed Platforms.Build.0 = MinSizeRel|Win32
		{828DF940-C68C-4E53-8022-6502A4A0701F}.MinSizeRel|Win32.ActiveCfg = MinSizeRel|Win32
		{828DF940-C68C-4E53-8022-6502A4A0701F}.MinSizeRel|Win32.Build.0 = MinSizeRel|Win32
		{828DF940-C68C-4E53-8022-6502A4A0701F}.MinSizeRel|x64.ActiveCfg = MinSizeRel|Win32
		{828DF940-C68C-4E53-8022-6502A4A0701F}.MinSizeRel|x86.ActiveCfg = MinSizeRel|Win32
		{828DF940-C68C-4E53-8022-6502A4A0701F}.MinSizeRel|x86.Build.0 = MinSizeRel|Win32
		{828DF940-C68C-4E53-8022-6502A4A0701F}.Release|Any CPU.ActiveCfg = Release|Win32
		{828DF940-C68C-4E53-8022-6502A4A0701F}.Release|Mixed Platforms.ActiveCfg = Release|Win32
		{828DF940-C68C-4E53-8022-6502A4A0701F}.Release|Mixed Platforms.Build.0 = Release|Win32
		{828DF940-C68C-4E53-8022-6502A4A0701F}.Release|Win32.ActiveCfg = Release|Win32
		{828DF940-C68C-4E53-8022-6502A4A0701F}.Release|Win32.Build.0 = Release|Win32
		{828DF940-C68C-4E53-8022-6502A4A0701F}.Release|x64.ActiveCfg = Release|Win32
		{828DF940-C68C-4E53-8022-6502A4A0701F}.Release|x86.ActiveCfg = Release|Win32
		{828DF940-C68C-4E53-8022-6502A4A0701F}.Release|x86.Build.0 = Release|Win32
		{828DF940-C68C-4E53-8022-6502A4A0701F}.ReleaseKopiLua|Any CPU.ActiveCfg = Release|Win32
		{828DF940-C68C-4E53-8022-6502A4A0701F}.ReleaseKopiLua|Mixed Platforms.ActiveCfg = Release|Win32
		{828DF940-C68C-4E53-8022-6502A4A0701F}.ReleaseKopiLua|Mixed Platforms.Build.0 = Release|Win32
		{828DF940-C68C-4E53-8022-6502A4A0701F}.ReleaseKopiLua|Win32.ActiveCfg = Release|Win32
		{828DF940-C68C-4E53-8022-6502A4A0701F}.ReleaseKopiLua|Win32.Build.0 = Release|Win32
		{828DF940-C68C-4E53-8022-6502A4A0701F}.ReleaseKopiLua|x64.ActiveCfg = Release|Win32
		{828DF940-C68C-4E53-8022-6502A4A0701F}.ReleaseKopiLua|x86.ActiveCfg = Release|Win32
		{828DF940-C68C-4E53-8022-6502A4A0701F}.ReleaseKopiLua|x86.Build.0 = Release|Win32
		{828DF940-C68C-4E53-8022-6502A4A0701F}.RelWithDebInfo|Any CPU.ActiveCfg = RelWithDebInfo|Win32
		{828DF940-C68C-4E53-8022-6502A4A0701F}.RelWithDebInfo|Mixed Platforms.ActiveCfg = RelWithDebInfo|Win32
		{828DF940-C68C-4E53-8022-6502A4A0701F}.RelWithDebInfo|Mixed Platforms.Build.0 = RelWithDebInfo|Win32
		{828DF940-C68C-4E53-8022-6502A4A0701F}.RelWithDebInfo|Win32.ActiveCfg = RelWithDebInfo|Win32
		{828DF940-C68C-4E53-8022-6502A4A0701F}.RelWithDebInfo|Win32.Build.0 = RelWithDebInfo|Win32
		{828DF940-C68C-4E53-8022-6502A4A0701F}.RelWithDebInfo|x64.ActiveCfg = RelWithDebInfo|Win32
		{828DF940-C68C-4E53-8022-6502A4A0701F}.RelWithDebInfo|x86.ActiveCfg = RelWithDebInfo|Win32
		{828DF940-C68C-4E53-8022-6502A4A0701F}.RelWithDebInfo|x86.Build.0 = RelWithDebInfo|Win32
		{D1364146-88A3-41E8-AEFB-E4FA66F025F9}.Debug|Any CPU.ActiveCfg = Debug|Win32
		{D1364146-88A3-41E8-AEFB-E4FA66F025F9}.Debug|Mixed Platforms.ActiveCfg = Debug|Win32
		{D1364146-88A3-41E8-AEFB-E4FA66F025F9}.Debug|Mixed Platforms.Build.0 = Debug|Win32
		{D1364146-88A3-41E8-AEFB-E4FA66F025F9}.Debug|Win32.ActiveCfg = Debug|Win32
		{D1364146-88A3-41E8-AEFB-E4FA66F025F9}.Debug|Win32.Build.0 = Debug|Win32
		{D1364146-88A3-41E8-AEFB-E4FA66F025F9}.Debug|x64.ActiveCfg = Debug|Win32
		{D1364146-88A3-41E8-AEFB-E4FA66F025F9}.Debug|x86.ActiveCfg = Debug|Win32
		{D1364146-88A3-41E8-AEFB-E4FA66F025F9}.Debug|x86.Build.0 = Debug|Win32
		{D1364146-88A3-41E8-AEFB-E4FA66F025F9}.DebugKopiLua|Any CPU.ActiveCfg = Debug|Win32
		{D1364146-88A3-41E8-AEFB-E4FA66F025F9}.DebugKopiLua|Mixed Platforms.ActiveCfg = Debug|Win32
		{D1364146-88A3-41E8-AEFB-E4FA66F025F9}.DebugKopiLua|Mixed Platforms.Build.0 = Debug|Win32
		{D1364146-88A3-41E8-AEFB-E4FA66F025F9}.DebugKopiLua|Win32.ActiveCfg = Debug|Win32
		{D1364146-88A3-41E8-AEFB-E4FA66F025F9}.DebugKopiLua|Win32.Build.0 = Debug|Win32
		{D1364146-88A3-41E8-AEFB-E4FA66F025F9}.DebugKopiLua|x64.ActiveCfg = Debug|Win32
		{D1364146-88A3-41E8-AEFB-E4FA66F025F9}.DebugKopiLua|x86.ActiveCfg = Debug|Win32
		{D1364146-88A3-41E8-AEFB-E4FA66F025F9}.DebugKopiLua|x86.Build.0 = Debug|Win32
		{D1364146-88A3-41E8-AEFB-E4FA66F025F9}.MinSizeRel|Any CPU.ActiveCfg = MinSizeRel|Win32
		{D1364146-88A3-41E8-AEFB-E4FA66F025F9}.MinSizeRel|Mixed Platforms.ActiveCfg = MinSizeRel|Win32
		{D1364146-88A3-41E8-AEFB-E4FA66F025F9}.MinSizeRel|Mixed Platforms.Build.0 = MinSizeRel|Win32
		{D1364146-88A3-41E8-AEFB-E4FA66F025F9}.MinSizeRel|Win32.ActiveCfg = MinSizeRel|Win32
		{D1364146-88A3-41E8-AEFB-E4FA66F025F9}.MinSizeRel|Win32.Build.0 = MinSizeRel|Win32
		{D1364146-88A3-41E8-AEFB-E4FA66F025F9}.MinSizeRel|x64.ActiveCfg = MinSizeRel|Win32
		{D1364146-88A3-41E8-AEFB-E4FA66F025F9}.MinSizeRel|x86.ActiveCfg = MinSizeRel|Win32
		{D1364146-88A3-41E8-AEFB-E4FA66F025F9}.MinSizeRel|x86.Build.0 = MinSizeRel|Win32
		{D1364146-88A3-41E8-AEFB-E4FA66F025F9}.Release|Any CPU.ActiveCfg = Release|Win32
		{D1364146-88A3-41E8-AEFB-E4FA66F025F9}.Release|Mixed Platforms.ActiveCfg = Release|Win32
		{D1364146-88A3-41E8-AEFB-E4FA66F025F9}.Release|Mixed Platforms.Build.0 = Release|Win32
		{D1364146-88A3-41E8-AEFB-E4FA66F025F9}.Release|Win32.ActiveCfg = Release|Win32
		{D1364146-88A3-41E8-AEFB-E4FA66F025F9}.Release|Win32.Build.0 = Release|Win32
		{D1364146-88A3-41E8-AEFB-E4FA66F025F9}.Release|x64.ActiveCfg = Release|Win32
		{D1364146-88A3-41E8-AEFB-E4FA66F025F9}.Release|x86.ActiveCfg = Release|Win32
		{D1364146-88A3-41E8-AEFB-E4FA66F025F9}.Release|x86.Build.0 = Release|Win32
		{D1364146-88A3-41E8-AEFB-E4FA66F025F9}.ReleaseKopiLua|Any CPU.ActiveCfg = Release|Win32
		{D1364146-88A3-41E8-AEFB-E4FA66F025F9}.ReleaseKopiLua|Mixed Platforms.ActiveCfg = Release|Win32
		{D1364146-88A3-41E8-AEFB-E4FA66F025F9}.ReleaseKopiLua|Mixed Platforms.Build.0 = Release|Win32
		{D1364146-88A3-41E8-AEFB-E4FA66F025F9}.ReleaseKopiLua|Win32.ActiveCfg = Release|Win32
		{D1364146-88A3-41E8-AEFB-E4FA66F025F9}.ReleaseKopiLua|Win32.Build.0 = Release|Win32
		{D1364146-88A3-41E8-AEFB-E4FA66F025F9}.ReleaseKopiLua|x64.ActiveCfg = Release|Win32
		{D1364146-88A3-41E8-AEFB-E4FA66F025F9}.ReleaseKopiLua|x86.ActiveCfg = Release|Win32
		{D1364146-88A3-41E8-AEFB-E4FA66F025F9}.ReleaseKopiLua|x86.Build.0 = Release|Win32
		{D1364146-88A3-41E8-AEFB-E4FA66F025F9}.RelWithDebInfo|Any CPU.ActiveCfg = RelWithDebInfo|Win32
		{D1364146-88A3-41E8-AEFB-E4FA66F025F9}.RelWithDebInfo|Mixed Platforms.ActiveCfg = RelWithDebInfo|Win32
		{D1364146-88A3-41E8-AEFB-E4FA66F025F9}.RelWithDebInfo|Mixed Platforms.Build.0 = RelWithDebInfo|Win32
		{D1364146-88A3-41E8-AEFB-E4FA66F025F9}.RelWithDebInfo|Win32.ActiveCfg = RelWithDebInfo|Win32
		{D1364146-88A3-41E8-AEFB-E4FA66F025F9}.RelWithDebInfo|Win32.Build.0 = RelWithDebInfo|Win32
		{D1364146-88A3-41E8-AEFB-E4FA66F025F9}.RelWithDebInfo|x64.ActiveCfg = RelWithDebInfo|Win32
		{D1364146-88A3-41E8-AEFB-E4FA66F025F9}.RelWithDebInfo|x86.ActiveCfg = RelWithDebInfo|Win32
		{D1364146-88A3-41E8-AEFB-E4FA66F025F9}.RelWithDebInfo|x86.Build.0 = RelWithDebInfo|Win32
	EndGlobalSection
	GlobalSection(SolutionProperties) = preSolution
		HideSolutionNode = FALSE
	EndGlobalSection
	GlobalSection(NestedProjects) = preSolution
		{106F8BF0-B129-4EAC-8A83-B349DCB3EC01} = {BB2AF5C9-4776-4EE6-8EC7-A0B78E244523}
		{47153754-10F5-44D8-B578-F5A32B69061A} = {1AE75493-66E6-4FDB-AD86-385B739DB289}
		{E8DDBC21-EF74-4ABA-9C49-BFC702BE25D8} = {1AE75493-66E6-4FDB-AD86-385B739DB289}
		{F55CABBB-4108-4A39-94E1-581FD46DC021} = {1AE75493-66E6-4FDB-AD86-385B739DB289}
		{828DF940-C68C-4E53-8022-6502A4A0701F} = {1AE75493-66E6-4FDB-AD86-385B739DB289}
		{D1364146-88A3-41E8-AEFB-E4FA66F025F9} = {1AE75493-66E6-4FDB-AD86-385B739DB289}
		{1E1F822C-BBD1-423A-891C-DC7F954F859B} = {0A3CA68E-A13B-4065-810E-D9088F07114D}
		{29C8D200-4BA4-46AC-8C17-58B65A7C28C7} = {0A3CA68E-A13B-4065-810E-D9088F07114D}
		{CEE40E26-03BF-4CBA-91CB-E6A953CA58DF} = {0A3CA68E-A13B-4065-810E-D9088F07114D}
	EndGlobalSection
EndGlobal
