
Microsoft Visual Studio Solution File, Format Version 12.00
# Visual Studio 2012
Project("{FAE04EC0-301F-11D3-BF4B-00C04F79EFBC}") = "Craftitude", "src\craftitude\Craftitude.csproj", "{CC8C4D79-EF30-4B03-B991-DE8396DFBD60}"
EndProject
Project("{FAE04EC0-301F-11D3-BF4B-00C04F79EFBC}") = "luasetup", "src\plugins\luasetup\luasetup.csproj", "{106F8BF0-B129-4EAC-8A83-B349DCB3EC01}"
EndProject
Project("{2150E333-8FDC-42A3-9474-1A3956D46DE8}") = "Plugins", "Plugins", "{7753293E-5B4D-4F5B-B489-E88B6847A53D}"
EndProject
Project("{2150E333-8FDC-42A3-9474-1A3956D46DE8}") = "Dependencies", "Dependencies", "{DB25B4B7-A203-41A7-9DC5-5C4ECEEAFBAE}"
EndProject
Project("{FAE04EC0-301F-11D3-BF4B-00C04F79EFBC}") = "KeraLua", "externals\NLua\Core\KeraLua\src\KeraLua.csproj", "{47153754-10F5-44D8-B578-F5A32B69061A}"
EndProject
Project("{FAE04EC0-301F-11D3-BF4B-00C04F79EFBC}") = "KopiLua", "externals\NLua\Core\KopiLua\KopiLua\KopiLua.csproj", "{E8DDBC21-EF74-4ABA-9C49-BFC702BE25D8}"
EndProject
Project("{FAE04EC0-301F-11D3-BF4B-00C04F79EFBC}") = "NLua", "externals\NLua\Core\NLua\NLua.csproj", "{F55CABBB-4108-4A39-94E1-581FD46DC021}"
EndProject
Project("{FAE04EC0-301F-11D3-BF4B-00C04F79EFBC}") = "Newtonsoft.Json.Net40", "externals\Newtonsoft.Json\Src\Newtonsoft.Json\Newtonsoft.Json.Net40.csproj", "{A9AE40FF-1A21-414A-9FE7-3BE13644CC6D}"
EndProject
Project("{FAE04EC0-301F-11D3-BF4B-00C04F79EFBC}") = "SharpCompress", "externals\sharpcompress.patch\SharpCompress\SharpCompress.csproj", "{10A689CF-76A2-4A4F-96E4-553C33398438}"
EndProject
Project("{2150E333-8FDC-42A3-9474-1A3956D46DE8}") = "Tests", "Tests", "{E0750E9C-76B7-4D45-BF9C-C1C6535852F9}"
EndProject
Project("{FAE04EC0-301F-11D3-BF4B-00C04F79EFBC}") = "compression", "src\plugins\compression\compression.csproj", "{30A68A8C-76BD-4917-8982-D827422B0C82}"
EndProject
Project("{FAE04EC0-301F-11D3-BF4B-00C04F79EFBC}") = "InstallTest", "src\tests\InstallTest\InstallTest.csproj", "{B3EAB2B0-EF4F-46B8-8CED-61A807B96E86}"
EndProject
Project("{FAE04EC0-301F-11D3-BF4B-00C04F79EFBC}") = "forge", "src\plugins\forge\forge.csproj", "{71717A58-BB51-4302-AB94-5BF57925E612}"
EndProject
Project("{FAE04EC0-301F-11D3-BF4B-00C04F79EFBC}") = "configuration", "src\plugins\configuration\configuration.csproj", "{9E5BB828-706B-48BD-83A5-2CE998C83D19}"
EndProject
Project("{FAE04EC0-301F-11D3-BF4B-00C04F79EFBC}") = "YamlDotNet.Core", "externals\YamlDotNet\YamlDotNet.Core\YamlDotNet.Core.csproj", "{BF32DE1B-6276-4341-B212-F8862ADBBA7A}"
EndProject
Project("{FAE04EC0-301F-11D3-BF4B-00C04F79EFBC}") = "YamlDotNet.RepresentationModel", "externals\YamlDotNet\YamlDotNet.RepresentationModel\YamlDotNet.RepresentationModel.csproj", "{21CA0077-E15C-446D-9C43-F6D3F9D09687}"
EndProject
Project("{FAE04EC0-301F-11D3-BF4B-00C04F79EFBC}") = "CraftitudeTest", "src\test\CraftitudeTest.csproj", "{084F56D0-051B-4DFB-94AE-B6014025F10C}"
EndProject
Global
	GlobalSection(SolutionConfigurationPlatforms) = preSolution
		Debug|Any CPU = Debug|Any CPU
		Debug|Mixed Platforms = Debug|Mixed Platforms
		Debug|x64 = Debug|x64
		DebugKopiLua|Any CPU = DebugKopiLua|Any CPU
		DebugKopiLua|Mixed Platforms = DebugKopiLua|Mixed Platforms
		DebugKopiLua|x64 = DebugKopiLua|x64
		Release|Any CPU = Release|Any CPU
		Release|Mixed Platforms = Release|Mixed Platforms
		Release|x64 = Release|x64
		ReleaseKopiLua|Any CPU = ReleaseKopiLua|Any CPU
		ReleaseKopiLua|Mixed Platforms = ReleaseKopiLua|Mixed Platforms
		ReleaseKopiLua|x64 = ReleaseKopiLua|x64
	EndGlobalSection
	GlobalSection(ProjectConfigurationPlatforms) = postSolution
		{CC8C4D79-EF30-4B03-B991-DE8396DFBD60}.Debug|Any CPU.ActiveCfg = Debug|Any CPU
		{CC8C4D79-EF30-4B03-B991-DE8396DFBD60}.Debug|Any CPU.Build.0 = Debug|Any CPU
		{CC8C4D79-EF30-4B03-B991-DE8396DFBD60}.Debug|Mixed Platforms.ActiveCfg = Debug|Any CPU
		{CC8C4D79-EF30-4B03-B991-DE8396DFBD60}.Debug|Mixed Platforms.Build.0 = Debug|Any CPU
		{CC8C4D79-EF30-4B03-B991-DE8396DFBD60}.Debug|x64.ActiveCfg = Debug|x64
		{CC8C4D79-EF30-4B03-B991-DE8396DFBD60}.Debug|x64.Build.0 = Debug|x64
		{CC8C4D79-EF30-4B03-B991-DE8396DFBD60}.DebugKopiLua|Any CPU.ActiveCfg = Debug|Any CPU
		{CC8C4D79-EF30-4B03-B991-DE8396DFBD60}.DebugKopiLua|Any CPU.Build.0 = Debug|Any CPU
		{CC8C4D79-EF30-4B03-B991-DE8396DFBD60}.DebugKopiLua|Mixed Platforms.ActiveCfg = Debug|Any CPU
		{CC8C4D79-EF30-4B03-B991-DE8396DFBD60}.DebugKopiLua|Mixed Platforms.Build.0 = Debug|Any CPU
		{CC8C4D79-EF30-4B03-B991-DE8396DFBD60}.DebugKopiLua|x64.ActiveCfg = Debug|x64
		{CC8C4D79-EF30-4B03-B991-DE8396DFBD60}.DebugKopiLua|x64.Build.0 = Debug|x64
		{CC8C4D79-EF30-4B03-B991-DE8396DFBD60}.Release|Any CPU.ActiveCfg = Release|Any CPU
		{CC8C4D79-EF30-4B03-B991-DE8396DFBD60}.Release|Any CPU.Build.0 = Release|Any CPU
		{CC8C4D79-EF30-4B03-B991-DE8396DFBD60}.Release|Mixed Platforms.ActiveCfg = Release|Any CPU
		{CC8C4D79-EF30-4B03-B991-DE8396DFBD60}.Release|Mixed Platforms.Build.0 = Release|Any CPU
		{CC8C4D79-EF30-4B03-B991-DE8396DFBD60}.Release|x64.ActiveCfg = Release|x64
		{CC8C4D79-EF30-4B03-B991-DE8396DFBD60}.Release|x64.Build.0 = Release|x64
		{CC8C4D79-EF30-4B03-B991-DE8396DFBD60}.ReleaseKopiLua|Any CPU.ActiveCfg = Release|Any CPU
		{CC8C4D79-EF30-4B03-B991-DE8396DFBD60}.ReleaseKopiLua|Any CPU.Build.0 = Release|Any CPU
		{CC8C4D79-EF30-4B03-B991-DE8396DFBD60}.ReleaseKopiLua|Mixed Platforms.ActiveCfg = Release|Any CPU
		{CC8C4D79-EF30-4B03-B991-DE8396DFBD60}.ReleaseKopiLua|Mixed Platforms.Build.0 = Release|Any CPU
		{CC8C4D79-EF30-4B03-B991-DE8396DFBD60}.ReleaseKopiLua|x64.ActiveCfg = Release|x64
		{CC8C4D79-EF30-4B03-B991-DE8396DFBD60}.ReleaseKopiLua|x64.Build.0 = Release|x64
		{106F8BF0-B129-4EAC-8A83-B349DCB3EC01}.Debug|Any CPU.ActiveCfg = Debug|Any CPU
		{106F8BF0-B129-4EAC-8A83-B349DCB3EC01}.Debug|Any CPU.Build.0 = Debug|Any CPU
		{106F8BF0-B129-4EAC-8A83-B349DCB3EC01}.Debug|Mixed Platforms.ActiveCfg = Debug|Any CPU
		{106F8BF0-B129-4EAC-8A83-B349DCB3EC01}.Debug|Mixed Platforms.Build.0 = Debug|Any CPU
		{106F8BF0-B129-4EAC-8A83-B349DCB3EC01}.Debug|x64.ActiveCfg = Debug|x64
		{106F8BF0-B129-4EAC-8A83-B349DCB3EC01}.Debug|x64.Build.0 = Debug|x64
		{106F8BF0-B129-4EAC-8A83-B349DCB3EC01}.DebugKopiLua|Any CPU.ActiveCfg = Debug|Any CPU
		{106F8BF0-B129-4EAC-8A83-B349DCB3EC01}.DebugKopiLua|Any CPU.Build.0 = Debug|Any CPU
		{106F8BF0-B129-4EAC-8A83-B349DCB3EC01}.DebugKopiLua|Mixed Platforms.ActiveCfg = Debug|Any CPU
		{106F8BF0-B129-4EAC-8A83-B349DCB3EC01}.DebugKopiLua|Mixed Platforms.Build.0 = Debug|Any CPU
		{106F8BF0-B129-4EAC-8A83-B349DCB3EC01}.DebugKopiLua|x64.ActiveCfg = Debug|x64
		{106F8BF0-B129-4EAC-8A83-B349DCB3EC01}.DebugKopiLua|x64.Build.0 = Debug|x64
		{106F8BF0-B129-4EAC-8A83-B349DCB3EC01}.Release|Any CPU.ActiveCfg = Release|Any CPU
		{106F8BF0-B129-4EAC-8A83-B349DCB3EC01}.Release|Any CPU.Build.0 = Release|Any CPU
		{106F8BF0-B129-4EAC-8A83-B349DCB3EC01}.Release|Mixed Platforms.ActiveCfg = Release|Any CPU
		{106F8BF0-B129-4EAC-8A83-B349DCB3EC01}.Release|Mixed Platforms.Build.0 = Release|Any CPU
		{106F8BF0-B129-4EAC-8A83-B349DCB3EC01}.Release|x64.ActiveCfg = Release|x64
		{106F8BF0-B129-4EAC-8A83-B349DCB3EC01}.Release|x64.Build.0 = Release|x64
		{106F8BF0-B129-4EAC-8A83-B349DCB3EC01}.ReleaseKopiLua|Any CPU.ActiveCfg = Release|Any CPU
		{106F8BF0-B129-4EAC-8A83-B349DCB3EC01}.ReleaseKopiLua|Any CPU.Build.0 = Release|Any CPU
		{106F8BF0-B129-4EAC-8A83-B349DCB3EC01}.ReleaseKopiLua|Mixed Platforms.ActiveCfg = Release|Any CPU
		{106F8BF0-B129-4EAC-8A83-B349DCB3EC01}.ReleaseKopiLua|Mixed Platforms.Build.0 = Release|Any CPU
		{106F8BF0-B129-4EAC-8A83-B349DCB3EC01}.ReleaseKopiLua|x64.ActiveCfg = Release|x64
		{106F8BF0-B129-4EAC-8A83-B349DCB3EC01}.ReleaseKopiLua|x64.Build.0 = Release|x64
		{47153754-10F5-44D8-B578-F5A32B69061A}.Debug|Any CPU.ActiveCfg = Debug|Any CPU
		{47153754-10F5-44D8-B578-F5A32B69061A}.Debug|Any CPU.Build.0 = Debug|Any CPU
		{47153754-10F5-44D8-B578-F5A32B69061A}.Debug|Mixed Platforms.ActiveCfg = Debug|Any CPU
		{47153754-10F5-44D8-B578-F5A32B69061A}.Debug|Mixed Platforms.Build.0 = Debug|Any CPU
		{47153754-10F5-44D8-B578-F5A32B69061A}.Debug|x64.ActiveCfg = Debug|Any CPU
		{47153754-10F5-44D8-B578-F5A32B69061A}.Debug|x64.Build.0 = Debug|Any CPU
		{47153754-10F5-44D8-B578-F5A32B69061A}.DebugKopiLua|Any CPU.ActiveCfg = DebugKopiLua|Any CPU
		{47153754-10F5-44D8-B578-F5A32B69061A}.DebugKopiLua|Any CPU.Build.0 = DebugKopiLua|Any CPU
		{47153754-10F5-44D8-B578-F5A32B69061A}.DebugKopiLua|Mixed Platforms.ActiveCfg = DebugKopiLua|Any CPU
		{47153754-10F5-44D8-B578-F5A32B69061A}.DebugKopiLua|Mixed Platforms.Build.0 = DebugKopiLua|Any CPU
		{47153754-10F5-44D8-B578-F5A32B69061A}.DebugKopiLua|x64.ActiveCfg = DebugKopiLua|Any CPU
		{47153754-10F5-44D8-B578-F5A32B69061A}.DebugKopiLua|x64.Build.0 = DebugKopiLua|Any CPU
		{47153754-10F5-44D8-B578-F5A32B69061A}.Release|Any CPU.ActiveCfg = Release|Any CPU
		{47153754-10F5-44D8-B578-F5A32B69061A}.Release|Any CPU.Build.0 = Release|Any CPU
		{47153754-10F5-44D8-B578-F5A32B69061A}.Release|Mixed Platforms.ActiveCfg = Release|Any CPU
		{47153754-10F5-44D8-B578-F5A32B69061A}.Release|Mixed Platforms.Build.0 = Release|Any CPU
		{47153754-10F5-44D8-B578-F5A32B69061A}.Release|x64.ActiveCfg = Release|Any CPU
		{47153754-10F5-44D8-B578-F5A32B69061A}.Release|x64.Build.0 = Release|Any CPU
		{47153754-10F5-44D8-B578-F5A32B69061A}.ReleaseKopiLua|Any CPU.ActiveCfg = ReleaseKopiLua|Any CPU
		{47153754-10F5-44D8-B578-F5A32B69061A}.ReleaseKopiLua|Any CPU.Build.0 = ReleaseKopiLua|Any CPU
		{47153754-10F5-44D8-B578-F5A32B69061A}.ReleaseKopiLua|Mixed Platforms.ActiveCfg = ReleaseKopiLua|Any CPU
		{47153754-10F5-44D8-B578-F5A32B69061A}.ReleaseKopiLua|Mixed Platforms.Build.0 = ReleaseKopiLua|Any CPU
		{47153754-10F5-44D8-B578-F5A32B69061A}.ReleaseKopiLua|x64.ActiveCfg = ReleaseKopiLua|Any CPU
		{47153754-10F5-44D8-B578-F5A32B69061A}.ReleaseKopiLua|x64.Build.0 = ReleaseKopiLua|Any CPU
		{E8DDBC21-EF74-4ABA-9C49-BFC702BE25D8}.Debug|Any CPU.ActiveCfg = Debug|Any CPU
		{E8DDBC21-EF74-4ABA-9C49-BFC702BE25D8}.Debug|Any CPU.Build.0 = Debug|Any CPU
		{E8DDBC21-EF74-4ABA-9C49-BFC702BE25D8}.Debug|Mixed Platforms.ActiveCfg = Debug|Any CPU
		{E8DDBC21-EF74-4ABA-9C49-BFC702BE25D8}.Debug|Mixed Platforms.Build.0 = Debug|Any CPU
		{E8DDBC21-EF74-4ABA-9C49-BFC702BE25D8}.Debug|x64.ActiveCfg = Debug|Any CPU
		{E8DDBC21-EF74-4ABA-9C49-BFC702BE25D8}.Debug|x64.Build.0 = Debug|Any CPU
		{E8DDBC21-EF74-4ABA-9C49-BFC702BE25D8}.DebugKopiLua|Any CPU.ActiveCfg = DebugKopiLua|Any CPU
		{E8DDBC21-EF74-4ABA-9C49-BFC702BE25D8}.DebugKopiLua|Any CPU.Build.0 = DebugKopiLua|Any CPU
		{E8DDBC21-EF74-4ABA-9C49-BFC702BE25D8}.DebugKopiLua|Mixed Platforms.ActiveCfg = DebugKopiLua|Any CPU
		{E8DDBC21-EF74-4ABA-9C49-BFC702BE25D8}.DebugKopiLua|Mixed Platforms.Build.0 = DebugKopiLua|Any CPU
		{E8DDBC21-EF74-4ABA-9C49-BFC702BE25D8}.DebugKopiLua|x64.ActiveCfg = DebugKopiLua|Any CPU
		{E8DDBC21-EF74-4ABA-9C49-BFC702BE25D8}.DebugKopiLua|x64.Build.0 = DebugKopiLua|Any CPU
		{E8DDBC21-EF74-4ABA-9C49-BFC702BE25D8}.Release|Any CPU.ActiveCfg = Release|Any CPU
		{E8DDBC21-EF74-4ABA-9C49-BFC702BE25D8}.Release|Any CPU.Build.0 = Release|Any CPU
		{E8DDBC21-EF74-4ABA-9C49-BFC702BE25D8}.Release|Mixed Platforms.ActiveCfg = Release|Any CPU
		{E8DDBC21-EF74-4ABA-9C49-BFC702BE25D8}.Release|Mixed Platforms.Build.0 = Release|Any CPU
		{E8DDBC21-EF74-4ABA-9C49-BFC702BE25D8}.Release|x64.ActiveCfg = Release|Any CPU
		{E8DDBC21-EF74-4ABA-9C49-BFC702BE25D8}.Release|x64.Build.0 = Release|Any CPU
		{E8DDBC21-EF74-4ABA-9C49-BFC702BE25D8}.ReleaseKopiLua|Any CPU.ActiveCfg = ReleaseKopiLua|Any CPU
		{E8DDBC21-EF74-4ABA-9C49-BFC702BE25D8}.ReleaseKopiLua|Any CPU.Build.0 = ReleaseKopiLua|Any CPU
		{E8DDBC21-EF74-4ABA-9C49-BFC702BE25D8}.ReleaseKopiLua|Mixed Platforms.ActiveCfg = ReleaseKopiLua|Any CPU
		{E8DDBC21-EF74-4ABA-9C49-BFC702BE25D8}.ReleaseKopiLua|Mixed Platforms.Build.0 = ReleaseKopiLua|Any CPU
		{E8DDBC21-EF74-4ABA-9C49-BFC702BE25D8}.ReleaseKopiLua|x64.ActiveCfg = ReleaseKopiLua|Any CPU
		{E8DDBC21-EF74-4ABA-9C49-BFC702BE25D8}.ReleaseKopiLua|x64.Build.0 = ReleaseKopiLua|Any CPU
		{F55CABBB-4108-4A39-94E1-581FD46DC021}.Debug|Any CPU.ActiveCfg = Debug|Any CPU
		{F55CABBB-4108-4A39-94E1-581FD46DC021}.Debug|Any CPU.Build.0 = Debug|Any CPU
		{F55CABBB-4108-4A39-94E1-581FD46DC021}.Debug|Mixed Platforms.ActiveCfg = Debug|Any CPU
		{F55CABBB-4108-4A39-94E1-581FD46DC021}.Debug|Mixed Platforms.Build.0 = Debug|Any CPU
		{F55CABBB-4108-4A39-94E1-581FD46DC021}.Debug|x64.ActiveCfg = Debug|Any CPU
		{F55CABBB-4108-4A39-94E1-581FD46DC021}.Debug|x64.Build.0 = Debug|Any CPU
		{F55CABBB-4108-4A39-94E1-581FD46DC021}.DebugKopiLua|Any CPU.ActiveCfg = DebugKopiLua|Any CPU
		{F55CABBB-4108-4A39-94E1-581FD46DC021}.DebugKopiLua|Any CPU.Build.0 = DebugKopiLua|Any CPU
		{F55CABBB-4108-4A39-94E1-581FD46DC021}.DebugKopiLua|Mixed Platforms.ActiveCfg = DebugKopiLua|Any CPU
		{F55CABBB-4108-4A39-94E1-581FD46DC021}.DebugKopiLua|Mixed Platforms.Build.0 = DebugKopiLua|Any CPU
		{F55CABBB-4108-4A39-94E1-581FD46DC021}.DebugKopiLua|x64.ActiveCfg = DebugKopiLua|Any CPU
		{F55CABBB-4108-4A39-94E1-581FD46DC021}.DebugKopiLua|x64.Build.0 = DebugKopiLua|Any CPU
		{F55CABBB-4108-4A39-94E1-581FD46DC021}.Release|Any CPU.ActiveCfg = Release|Any CPU
		{F55CABBB-4108-4A39-94E1-581FD46DC021}.Release|Any CPU.Build.0 = Release|Any CPU
		{F55CABBB-4108-4A39-94E1-581FD46DC021}.Release|Mixed Platforms.ActiveCfg = Release|Any CPU
		{F55CABBB-4108-4A39-94E1-581FD46DC021}.Release|Mixed Platforms.Build.0 = Release|Any CPU
		{F55CABBB-4108-4A39-94E1-581FD46DC021}.Release|x64.ActiveCfg = Release|Any CPU
		{F55CABBB-4108-4A39-94E1-581FD46DC021}.Release|x64.Build.0 = Release|Any CPU
		{F55CABBB-4108-4A39-94E1-581FD46DC021}.ReleaseKopiLua|Any CPU.ActiveCfg = ReleaseKopiLua|Any CPU
		{F55CABBB-4108-4A39-94E1-581FD46DC021}.ReleaseKopiLua|Any CPU.Build.0 = ReleaseKopiLua|Any CPU
		{F55CABBB-4108-4A39-94E1-581FD46DC021}.ReleaseKopiLua|Mixed Platforms.ActiveCfg = ReleaseKopiLua|Any CPU
		{F55CABBB-4108-4A39-94E1-581FD46DC021}.ReleaseKopiLua|Mixed Platforms.Build.0 = ReleaseKopiLua|Any CPU
		{F55CABBB-4108-4A39-94E1-581FD46DC021}.ReleaseKopiLua|x64.ActiveCfg = ReleaseKopiLua|Any CPU
		{F55CABBB-4108-4A39-94E1-581FD46DC021}.ReleaseKopiLua|x64.Build.0 = ReleaseKopiLua|Any CPU
		{A9AE40FF-1A21-414A-9FE7-3BE13644CC6D}.Debug|Any CPU.ActiveCfg = Debug|Any CPU
		{A9AE40FF-1A21-414A-9FE7-3BE13644CC6D}.Debug|Any CPU.Build.0 = Debug|Any CPU
		{A9AE40FF-1A21-414A-9FE7-3BE13644CC6D}.Debug|Mixed Platforms.ActiveCfg = Debug|Any CPU
		{A9AE40FF-1A21-414A-9FE7-3BE13644CC6D}.Debug|Mixed Platforms.Build.0 = Debug|Any CPU
		{A9AE40FF-1A21-414A-9FE7-3BE13644CC6D}.Debug|x64.ActiveCfg = Debug|Any CPU
		{A9AE40FF-1A21-414A-9FE7-3BE13644CC6D}.Debug|x64.Build.0 = Debug|Any CPU
		{A9AE40FF-1A21-414A-9FE7-3BE13644CC6D}.DebugKopiLua|Any CPU.ActiveCfg = Debug|Any CPU
		{A9AE40FF-1A21-414A-9FE7-3BE13644CC6D}.DebugKopiLua|Any CPU.Build.0 = Debug|Any CPU
		{A9AE40FF-1A21-414A-9FE7-3BE13644CC6D}.DebugKopiLua|Mixed Platforms.ActiveCfg = Debug|Any CPU
		{A9AE40FF-1A21-414A-9FE7-3BE13644CC6D}.DebugKopiLua|Mixed Platforms.Build.0 = Debug|Any CPU
		{A9AE40FF-1A21-414A-9FE7-3BE13644CC6D}.DebugKopiLua|x64.ActiveCfg = Debug|Any CPU
		{A9AE40FF-1A21-414A-9FE7-3BE13644CC6D}.DebugKopiLua|x64.Build.0 = Debug|Any CPU
		{A9AE40FF-1A21-414A-9FE7-3BE13644CC6D}.Release|Any CPU.ActiveCfg = Release|Any CPU
		{A9AE40FF-1A21-414A-9FE7-3BE13644CC6D}.Release|Any CPU.Build.0 = Release|Any CPU
		{A9AE40FF-1A21-414A-9FE7-3BE13644CC6D}.Release|Mixed Platforms.ActiveCfg = Release|Any CPU
		{A9AE40FF-1A21-414A-9FE7-3BE13644CC6D}.Release|Mixed Platforms.Build.0 = Release|Any CPU
		{A9AE40FF-1A21-414A-9FE7-3BE13644CC6D}.Release|x64.ActiveCfg = Release|Any CPU
		{A9AE40FF-1A21-414A-9FE7-3BE13644CC6D}.Release|x64.Build.0 = Release|Any CPU
		{A9AE40FF-1A21-414A-9FE7-3BE13644CC6D}.ReleaseKopiLua|Any CPU.ActiveCfg = Release|Any CPU
		{A9AE40FF-1A21-414A-9FE7-3BE13644CC6D}.ReleaseKopiLua|Any CPU.Build.0 = Release|Any CPU
		{A9AE40FF-1A21-414A-9FE7-3BE13644CC6D}.ReleaseKopiLua|Mixed Platforms.ActiveCfg = Release|Any CPU
		{A9AE40FF-1A21-414A-9FE7-3BE13644CC6D}.ReleaseKopiLua|Mixed Platforms.Build.0 = Release|Any CPU
		{A9AE40FF-1A21-414A-9FE7-3BE13644CC6D}.ReleaseKopiLua|x64.ActiveCfg = Release|Any CPU
		{A9AE40FF-1A21-414A-9FE7-3BE13644CC6D}.ReleaseKopiLua|x64.Build.0 = Release|Any CPU
		{10A689CF-76A2-4A4F-96E4-553C33398438}.Debug|Any CPU.ActiveCfg = Debug|Any CPU
		{10A689CF-76A2-4A4F-96E4-553C33398438}.Debug|Any CPU.Build.0 = Debug|Any CPU
		{10A689CF-76A2-4A4F-96E4-553C33398438}.Debug|Mixed Platforms.ActiveCfg = Debug|Any CPU
		{10A689CF-76A2-4A4F-96E4-553C33398438}.Debug|Mixed Platforms.Build.0 = Debug|Any CPU
		{10A689CF-76A2-4A4F-96E4-553C33398438}.Debug|x64.ActiveCfg = Debug|Any CPU
		{10A689CF-76A2-4A4F-96E4-553C33398438}.Debug|x64.Build.0 = Debug|Any CPU
		{10A689CF-76A2-4A4F-96E4-553C33398438}.DebugKopiLua|Any CPU.ActiveCfg = Debug|Any CPU
		{10A689CF-76A2-4A4F-96E4-553C33398438}.DebugKopiLua|Any CPU.Build.0 = Debug|Any CPU
		{10A689CF-76A2-4A4F-96E4-553C33398438}.DebugKopiLua|Mixed Platforms.ActiveCfg = Debug|Any CPU
		{10A689CF-76A2-4A4F-96E4-553C33398438}.DebugKopiLua|Mixed Platforms.Build.0 = Debug|Any CPU
		{10A689CF-76A2-4A4F-96E4-553C33398438}.DebugKopiLua|x64.ActiveCfg = Debug|Any CPU
		{10A689CF-76A2-4A4F-96E4-553C33398438}.DebugKopiLua|x64.Build.0 = Debug|Any CPU
		{10A689CF-76A2-4A4F-96E4-553C33398438}.Release|Any CPU.ActiveCfg = Release|Any CPU
		{10A689CF-76A2-4A4F-96E4-553C33398438}.Release|Any CPU.Build.0 = Release|Any CPU
		{10A689CF-76A2-4A4F-96E4-553C33398438}.Release|Mixed Platforms.ActiveCfg = Release|Any CPU
		{10A689CF-76A2-4A4F-96E4-553C33398438}.Release|Mixed Platforms.Build.0 = Release|Any CPU
		{10A689CF-76A2-4A4F-96E4-553C33398438}.Release|x64.ActiveCfg = Release|Any CPU
		{10A689CF-76A2-4A4F-96E4-553C33398438}.Release|x64.Build.0 = Release|Any CPU
		{10A689CF-76A2-4A4F-96E4-553C33398438}.ReleaseKopiLua|Any CPU.ActiveCfg = Release|Any CPU
		{10A689CF-76A2-4A4F-96E4-553C33398438}.ReleaseKopiLua|Any CPU.Build.0 = Release|Any CPU
		{10A689CF-76A2-4A4F-96E4-553C33398438}.ReleaseKopiLua|Mixed Platforms.ActiveCfg = Release|Any CPU
		{10A689CF-76A2-4A4F-96E4-553C33398438}.ReleaseKopiLua|Mixed Platforms.Build.0 = Release|Any CPU
		{10A689CF-76A2-4A4F-96E4-553C33398438}.ReleaseKopiLua|x64.ActiveCfg = Release|Any CPU
		{10A689CF-76A2-4A4F-96E4-553C33398438}.ReleaseKopiLua|x64.Build.0 = Release|Any CPU
		{30A68A8C-76BD-4917-8982-D827422B0C82}.Debug|Any CPU.ActiveCfg = Debug|Any CPU
		{30A68A8C-76BD-4917-8982-D827422B0C82}.Debug|Any CPU.Build.0 = Debug|Any CPU
		{30A68A8C-76BD-4917-8982-D827422B0C82}.Debug|Mixed Platforms.ActiveCfg = Debug|Any CPU
		{30A68A8C-76BD-4917-8982-D827422B0C82}.Debug|Mixed Platforms.Build.0 = Debug|Any CPU
		{30A68A8C-76BD-4917-8982-D827422B0C82}.Debug|x64.ActiveCfg = Debug|Any CPU
		{30A68A8C-76BD-4917-8982-D827422B0C82}.Debug|x64.Build.0 = Debug|Any CPU
		{30A68A8C-76BD-4917-8982-D827422B0C82}.DebugKopiLua|Any CPU.ActiveCfg = Debug|Any CPU
		{30A68A8C-76BD-4917-8982-D827422B0C82}.DebugKopiLua|Any CPU.Build.0 = Debug|Any CPU
		{30A68A8C-76BD-4917-8982-D827422B0C82}.DebugKopiLua|Mixed Platforms.ActiveCfg = Debug|Any CPU
		{30A68A8C-76BD-4917-8982-D827422B0C82}.DebugKopiLua|Mixed Platforms.Build.0 = Debug|Any CPU
		{30A68A8C-76BD-4917-8982-D827422B0C82}.DebugKopiLua|x64.ActiveCfg = Debug|Any CPU
		{30A68A8C-76BD-4917-8982-D827422B0C82}.DebugKopiLua|x64.Build.0 = Debug|Any CPU
		{30A68A8C-76BD-4917-8982-D827422B0C82}.Release|Any CPU.ActiveCfg = Release|Any CPU
		{30A68A8C-76BD-4917-8982-D827422B0C82}.Release|Any CPU.Build.0 = Release|Any CPU
		{30A68A8C-76BD-4917-8982-D827422B0C82}.Release|Mixed Platforms.ActiveCfg = Release|Any CPU
		{30A68A8C-76BD-4917-8982-D827422B0C82}.Release|Mixed Platforms.Build.0 = Release|Any CPU
		{30A68A8C-76BD-4917-8982-D827422B0C82}.Release|x64.ActiveCfg = Release|Any CPU
		{30A68A8C-76BD-4917-8982-D827422B0C82}.Release|x64.Build.0 = Release|Any CPU
		{30A68A8C-76BD-4917-8982-D827422B0C82}.ReleaseKopiLua|Any CPU.ActiveCfg = Release|Any CPU
		{30A68A8C-76BD-4917-8982-D827422B0C82}.ReleaseKopiLua|Any CPU.Build.0 = Release|Any CPU
		{30A68A8C-76BD-4917-8982-D827422B0C82}.ReleaseKopiLua|Mixed Platforms.ActiveCfg = Release|Any CPU
		{30A68A8C-76BD-4917-8982-D827422B0C82}.ReleaseKopiLua|Mixed Platforms.Build.0 = Release|Any CPU
		{30A68A8C-76BD-4917-8982-D827422B0C82}.ReleaseKopiLua|x64.ActiveCfg = Release|Any CPU
		{30A68A8C-76BD-4917-8982-D827422B0C82}.ReleaseKopiLua|x64.Build.0 = Release|Any CPU
		{B3EAB2B0-EF4F-46B8-8CED-61A807B96E86}.Debug|Any CPU.ActiveCfg = Debug|Any CPU
		{B3EAB2B0-EF4F-46B8-8CED-61A807B96E86}.Debug|Any CPU.Build.0 = Debug|Any CPU
		{B3EAB2B0-EF4F-46B8-8CED-61A807B96E86}.Debug|Mixed Platforms.ActiveCfg = Debug|Any CPU
		{B3EAB2B0-EF4F-46B8-8CED-61A807B96E86}.Debug|Mixed Platforms.Build.0 = Debug|Any CPU
		{B3EAB2B0-EF4F-46B8-8CED-61A807B96E86}.Debug|x64.ActiveCfg = Debug|Any CPU
		{B3EAB2B0-EF4F-46B8-8CED-61A807B96E86}.DebugKopiLua|Any CPU.ActiveCfg = Debug|Any CPU
		{B3EAB2B0-EF4F-46B8-8CED-61A807B96E86}.DebugKopiLua|Any CPU.Build.0 = Debug|Any CPU
		{B3EAB2B0-EF4F-46B8-8CED-61A807B96E86}.DebugKopiLua|Mixed Platforms.ActiveCfg = Debug|Any CPU
		{B3EAB2B0-EF4F-46B8-8CED-61A807B96E86}.DebugKopiLua|Mixed Platforms.Build.0 = Debug|Any CPU
		{B3EAB2B0-EF4F-46B8-8CED-61A807B96E86}.DebugKopiLua|x64.ActiveCfg = Debug|Any CPU
		{B3EAB2B0-EF4F-46B8-8CED-61A807B96E86}.Release|Any CPU.ActiveCfg = Release|Any CPU
		{B3EAB2B0-EF4F-46B8-8CED-61A807B96E86}.Release|Any CPU.Build.0 = Release|Any CPU
		{B3EAB2B0-EF4F-46B8-8CED-61A807B96E86}.Release|Mixed Platforms.ActiveCfg = Release|Any CPU
		{B3EAB2B0-EF4F-46B8-8CED-61A807B96E86}.Release|Mixed Platforms.Build.0 = Release|Any CPU
		{B3EAB2B0-EF4F-46B8-8CED-61A807B96E86}.Release|x64.ActiveCfg = Release|Any CPU
		{B3EAB2B0-EF4F-46B8-8CED-61A807B96E86}.ReleaseKopiLua|Any CPU.ActiveCfg = Release|Any CPU
		{B3EAB2B0-EF4F-46B8-8CED-61A807B96E86}.ReleaseKopiLua|Any CPU.Build.0 = Release|Any CPU
		{B3EAB2B0-EF4F-46B8-8CED-61A807B96E86}.ReleaseKopiLua|Mixed Platforms.ActiveCfg = Release|Any CPU
		{B3EAB2B0-EF4F-46B8-8CED-61A807B96E86}.ReleaseKopiLua|Mixed Platforms.Build.0 = Release|Any CPU
		{B3EAB2B0-EF4F-46B8-8CED-61A807B96E86}.ReleaseKopiLua|x64.ActiveCfg = Release|Any CPU
		{71717A58-BB51-4302-AB94-5BF57925E612}.Debug|Any CPU.ActiveCfg = Debug|Any CPU
		{71717A58-BB51-4302-AB94-5BF57925E612}.Debug|Any CPU.Build.0 = Debug|Any CPU
		{71717A58-BB51-4302-AB94-5BF57925E612}.Debug|Mixed Platforms.ActiveCfg = Debug|Any CPU
		{71717A58-BB51-4302-AB94-5BF57925E612}.Debug|Mixed Platforms.Build.0 = Debug|Any CPU
		{71717A58-BB51-4302-AB94-5BF57925E612}.Debug|x64.ActiveCfg = Debug|Any CPU
		{71717A58-BB51-4302-AB94-5BF57925E612}.DebugKopiLua|Any CPU.ActiveCfg = Debug|Any CPU
		{71717A58-BB51-4302-AB94-5BF57925E612}.DebugKopiLua|Any CPU.Build.0 = Debug|Any CPU
		{71717A58-BB51-4302-AB94-5BF57925E612}.DebugKopiLua|Mixed Platforms.ActiveCfg = Debug|Any CPU
		{71717A58-BB51-4302-AB94-5BF57925E612}.DebugKopiLua|Mixed Platforms.Build.0 = Debug|Any CPU
		{71717A58-BB51-4302-AB94-5BF57925E612}.DebugKopiLua|x64.ActiveCfg = Debug|Any CPU
		{71717A58-BB51-4302-AB94-5BF57925E612}.Release|Any CPU.ActiveCfg = Release|Any CPU
		{71717A58-BB51-4302-AB94-5BF57925E612}.Release|Any CPU.Build.0 = Release|Any CPU
		{71717A58-BB51-4302-AB94-5BF57925E612}.Release|Mixed Platforms.ActiveCfg = Release|Any CPU
		{71717A58-BB51-4302-AB94-5BF57925E612}.Release|Mixed Platforms.Build.0 = Release|Any CPU
		{71717A58-BB51-4302-AB94-5BF57925E612}.Release|x64.ActiveCfg = Release|Any CPU
		{71717A58-BB51-4302-AB94-5BF57925E612}.ReleaseKopiLua|Any CPU.ActiveCfg = Release|Any CPU
		{71717A58-BB51-4302-AB94-5BF57925E612}.ReleaseKopiLua|Any CPU.Build.0 = Release|Any CPU
		{71717A58-BB51-4302-AB94-5BF57925E612}.ReleaseKopiLua|Mixed Platforms.ActiveCfg = Release|Any CPU
		{71717A58-BB51-4302-AB94-5BF57925E612}.ReleaseKopiLua|Mixed Platforms.Build.0 = Release|Any CPU
		{71717A58-BB51-4302-AB94-5BF57925E612}.ReleaseKopiLua|x64.ActiveCfg = Release|Any CPU
		{9E5BB828-706B-48BD-83A5-2CE998C83D19}.Debug|Any CPU.ActiveCfg = Debug|Any CPU
		{9E5BB828-706B-48BD-83A5-2CE998C83D19}.Debug|Any CPU.Build.0 = Debug|Any CPU
		{9E5BB828-706B-48BD-83A5-2CE998C83D19}.Debug|Mixed Platforms.ActiveCfg = Debug|Any CPU
		{9E5BB828-706B-48BD-83A5-2CE998C83D19}.Debug|Mixed Platforms.Build.0 = Debug|Any CPU
		{9E5BB828-706B-48BD-83A5-2CE998C83D19}.Debug|x64.ActiveCfg = Debug|Any CPU
		{9E5BB828-706B-48BD-83A5-2CE998C83D19}.DebugKopiLua|Any CPU.ActiveCfg = Debug|Any CPU
		{9E5BB828-706B-48BD-83A5-2CE998C83D19}.DebugKopiLua|Any CPU.Build.0 = Debug|Any CPU
		{9E5BB828-706B-48BD-83A5-2CE998C83D19}.DebugKopiLua|Mixed Platforms.ActiveCfg = Debug|Any CPU
		{9E5BB828-706B-48BD-83A5-2CE998C83D19}.DebugKopiLua|Mixed Platforms.Build.0 = Debug|Any CPU
		{9E5BB828-706B-48BD-83A5-2CE998C83D19}.DebugKopiLua|x64.ActiveCfg = Debug|Any CPU
		{9E5BB828-706B-48BD-83A5-2CE998C83D19}.Release|Any CPU.ActiveCfg = Release|Any CPU
		{9E5BB828-706B-48BD-83A5-2CE998C83D19}.Release|Any CPU.Build.0 = Release|Any CPU
		{9E5BB828-706B-48BD-83A5-2CE998C83D19}.Release|Mixed Platforms.ActiveCfg = Release|Any CPU
		{9E5BB828-706B-48BD-83A5-2CE998C83D19}.Release|Mixed Platforms.Build.0 = Release|Any CPU
		{9E5BB828-706B-48BD-83A5-2CE998C83D19}.Release|x64.ActiveCfg = Release|Any CPU
		{9E5BB828-706B-48BD-83A5-2CE998C83D19}.ReleaseKopiLua|Any CPU.ActiveCfg = Release|Any CPU
		{9E5BB828-706B-48BD-83A5-2CE998C83D19}.ReleaseKopiLua|Any CPU.Build.0 = Release|Any CPU
		{9E5BB828-706B-48BD-83A5-2CE998C83D19}.ReleaseKopiLua|Mixed Platforms.ActiveCfg = Release|Any CPU
		{9E5BB828-706B-48BD-83A5-2CE998C83D19}.ReleaseKopiLua|Mixed Platforms.Build.0 = Release|Any CPU
		{9E5BB828-706B-48BD-83A5-2CE998C83D19}.ReleaseKopiLua|x64.ActiveCfg = Release|Any CPU
		{BF32DE1B-6276-4341-B212-F8862ADBBA7A}.Debug|Any CPU.ActiveCfg = Debug|Any CPU
		{BF32DE1B-6276-4341-B212-F8862ADBBA7A}.Debug|Any CPU.Build.0 = Debug|Any CPU
		{BF32DE1B-6276-4341-B212-F8862ADBBA7A}.Debug|Mixed Platforms.ActiveCfg = Debug|Any CPU
		{BF32DE1B-6276-4341-B212-F8862ADBBA7A}.Debug|Mixed Platforms.Build.0 = Debug|Any CPU
		{BF32DE1B-6276-4341-B212-F8862ADBBA7A}.Debug|x64.ActiveCfg = Debug|Any CPU
		{BF32DE1B-6276-4341-B212-F8862ADBBA7A}.DebugKopiLua|Any CPU.ActiveCfg = Debug|Any CPU
		{BF32DE1B-6276-4341-B212-F8862ADBBA7A}.DebugKopiLua|Any CPU.Build.0 = Debug|Any CPU
		{BF32DE1B-6276-4341-B212-F8862ADBBA7A}.DebugKopiLua|Mixed Platforms.ActiveCfg = Debug|Any CPU
		{BF32DE1B-6276-4341-B212-F8862ADBBA7A}.DebugKopiLua|Mixed Platforms.Build.0 = Debug|Any CPU
		{BF32DE1B-6276-4341-B212-F8862ADBBA7A}.DebugKopiLua|x64.ActiveCfg = Debug|Any CPU
		{BF32DE1B-6276-4341-B212-F8862ADBBA7A}.Release|Any CPU.ActiveCfg = Release|Any CPU
		{BF32DE1B-6276-4341-B212-F8862ADBBA7A}.Release|Any CPU.Build.0 = Release|Any CPU
		{BF32DE1B-6276-4341-B212-F8862ADBBA7A}.Release|Mixed Platforms.ActiveCfg = Release|Any CPU
		{BF32DE1B-6276-4341-B212-F8862ADBBA7A}.Release|Mixed Platforms.Build.0 = Release|Any CPU
		{BF32DE1B-6276-4341-B212-F8862ADBBA7A}.Release|x64.ActiveCfg = Release|Any CPU
		{BF32DE1B-6276-4341-B212-F8862ADBBA7A}.ReleaseKopiLua|Any CPU.ActiveCfg = Release|Any CPU
		{BF32DE1B-6276-4341-B212-F8862ADBBA7A}.ReleaseKopiLua|Any CPU.Build.0 = Release|Any CPU
		{BF32DE1B-6276-4341-B212-F8862ADBBA7A}.ReleaseKopiLua|Mixed Platforms.ActiveCfg = Release|Any CPU
		{BF32DE1B-6276-4341-B212-F8862ADBBA7A}.ReleaseKopiLua|Mixed Platforms.Build.0 = Release|Any CPU
		{BF32DE1B-6276-4341-B212-F8862ADBBA7A}.ReleaseKopiLua|x64.ActiveCfg = Release|Any CPU
		{21CA0077-E15C-446D-9C43-F6D3F9D09687}.Debug|Any CPU.ActiveCfg = Debug|Any CPU
		{21CA0077-E15C-446D-9C43-F6D3F9D09687}.Debug|Any CPU.Build.0 = Debug|Any CPU
		{21CA0077-E15C-446D-9C43-F6D3F9D09687}.Debug|Mixed Platforms.ActiveCfg = Debug|Any CPU
		{21CA0077-E15C-446D-9C43-F6D3F9D09687}.Debug|Mixed Platforms.Build.0 = Debug|Any CPU
		{21CA0077-E15C-446D-9C43-F6D3F9D09687}.Debug|x64.ActiveCfg = Debug|Any CPU
		{21CA0077-E15C-446D-9C43-F6D3F9D09687}.DebugKopiLua|Any CPU.ActiveCfg = Debug|Any CPU
		{21CA0077-E15C-446D-9C43-F6D3F9D09687}.DebugKopiLua|Any CPU.Build.0 = Debug|Any CPU
		{21CA0077-E15C-446D-9C43-F6D3F9D09687}.DebugKopiLua|Mixed Platforms.ActiveCfg = Debug|Any CPU
		{21CA0077-E15C-446D-9C43-F6D3F9D09687}.DebugKopiLua|Mixed Platforms.Build.0 = Debug|Any CPU
		{21CA0077-E15C-446D-9C43-F6D3F9D09687}.DebugKopiLua|x64.ActiveCfg = Debug|Any CPU
		{21CA0077-E15C-446D-9C43-F6D3F9D09687}.Release|Any CPU.ActiveCfg = Release|Any CPU
		{21CA0077-E15C-446D-9C43-F6D3F9D09687}.Release|Any CPU.Build.0 = Release|Any CPU
		{21CA0077-E15C-446D-9C43-F6D3F9D09687}.Release|Mixed Platforms.ActiveCfg = Release|Any CPU
		{21CA0077-E15C-446D-9C43-F6D3F9D09687}.Release|Mixed Platforms.Build.0 = Release|Any CPU
		{21CA0077-E15C-446D-9C43-F6D3F9D09687}.Release|x64.ActiveCfg = Release|Any CPU
		{21CA0077-E15C-446D-9C43-F6D3F9D09687}.ReleaseKopiLua|Any CPU.ActiveCfg = Release|Any CPU
		{21CA0077-E15C-446D-9C43-F6D3F9D09687}.ReleaseKopiLua|Any CPU.Build.0 = Release|Any CPU
		{21CA0077-E15C-446D-9C43-F6D3F9D09687}.ReleaseKopiLua|Mixed Platforms.ActiveCfg = Release|Any CPU
		{21CA0077-E15C-446D-9C43-F6D3F9D09687}.ReleaseKopiLua|Mixed Platforms.Build.0 = Release|Any CPU
		{21CA0077-E15C-446D-9C43-F6D3F9D09687}.ReleaseKopiLua|x64.ActiveCfg = Release|Any CPU
		{084F56D0-051B-4DFB-94AE-B6014025F10C}.Debug|Any CPU.ActiveCfg = Debug|Any CPU
		{084F56D0-051B-4DFB-94AE-B6014025F10C}.Debug|Any CPU.Build.0 = Debug|Any CPU
		{084F56D0-051B-4DFB-94AE-B6014025F10C}.Debug|Mixed Platforms.ActiveCfg = Debug|Any CPU
		{084F56D0-051B-4DFB-94AE-B6014025F10C}.Debug|Mixed Platforms.Build.0 = Debug|Any CPU
		{084F56D0-051B-4DFB-94AE-B6014025F10C}.Debug|x64.ActiveCfg = Debug|Any CPU
		{084F56D0-051B-4DFB-94AE-B6014025F10C}.DebugKopiLua|Any CPU.ActiveCfg = Debug|Any CPU
		{084F56D0-051B-4DFB-94AE-B6014025F10C}.DebugKopiLua|Any CPU.Build.0 = Debug|Any CPU
		{084F56D0-051B-4DFB-94AE-B6014025F10C}.DebugKopiLua|Mixed Platforms.ActiveCfg = Debug|Any CPU
		{084F56D0-051B-4DFB-94AE-B6014025F10C}.DebugKopiLua|Mixed Platforms.Build.0 = Debug|Any CPU
		{084F56D0-051B-4DFB-94AE-B6014025F10C}.DebugKopiLua|x64.ActiveCfg = Debug|Any CPU
		{084F56D0-051B-4DFB-94AE-B6014025F10C}.Release|Any CPU.ActiveCfg = Release|Any CPU
		{084F56D0-051B-4DFB-94AE-B6014025F10C}.Release|Any CPU.Build.0 = Release|Any CPU
		{084F56D0-051B-4DFB-94AE-B6014025F10C}.Release|Mixed Platforms.ActiveCfg = Release|Any CPU
		{084F56D0-051B-4DFB-94AE-B6014025F10C}.Release|Mixed Platforms.Build.0 = Release|Any CPU
		{084F56D0-051B-4DFB-94AE-B6014025F10C}.Release|x64.ActiveCfg = Release|Any CPU
		{084F56D0-051B-4DFB-94AE-B6014025F10C}.ReleaseKopiLua|Any CPU.ActiveCfg = Release|Any CPU
		{084F56D0-051B-4DFB-94AE-B6014025F10C}.ReleaseKopiLua|Any CPU.Build.0 = Release|Any CPU
		{084F56D0-051B-4DFB-94AE-B6014025F10C}.ReleaseKopiLua|Mixed Platforms.ActiveCfg = Release|Any CPU
		{084F56D0-051B-4DFB-94AE-B6014025F10C}.ReleaseKopiLua|Mixed Platforms.Build.0 = Release|Any CPU
		{084F56D0-051B-4DFB-94AE-B6014025F10C}.ReleaseKopiLua|x64.ActiveCfg = Release|Any CPU
	EndGlobalSection
	GlobalSection(SolutionProperties) = preSolution
		HideSolutionNode = FALSE
	EndGlobalSection
	GlobalSection(NestedProjects) = preSolution
		{106F8BF0-B129-4EAC-8A83-B349DCB3EC01} = {7753293E-5B4D-4F5B-B489-E88B6847A53D}
		{30A68A8C-76BD-4917-8982-D827422B0C82} = {7753293E-5B4D-4F5B-B489-E88B6847A53D}
		{71717A58-BB51-4302-AB94-5BF57925E612} = {7753293E-5B4D-4F5B-B489-E88B6847A53D}
		{9E5BB828-706B-48BD-83A5-2CE998C83D19} = {7753293E-5B4D-4F5B-B489-E88B6847A53D}
		{47153754-10F5-44D8-B578-F5A32B69061A} = {DB25B4B7-A203-41A7-9DC5-5C4ECEEAFBAE}
		{E8DDBC21-EF74-4ABA-9C49-BFC702BE25D8} = {DB25B4B7-A203-41A7-9DC5-5C4ECEEAFBAE}
		{F55CABBB-4108-4A39-94E1-581FD46DC021} = {DB25B4B7-A203-41A7-9DC5-5C4ECEEAFBAE}
		{A9AE40FF-1A21-414A-9FE7-3BE13644CC6D} = {DB25B4B7-A203-41A7-9DC5-5C4ECEEAFBAE}
		{10A689CF-76A2-4A4F-96E4-553C33398438} = {DB25B4B7-A203-41A7-9DC5-5C4ECEEAFBAE}
		{BF32DE1B-6276-4341-B212-F8862ADBBA7A} = {DB25B4B7-A203-41A7-9DC5-5C4ECEEAFBAE}
		{21CA0077-E15C-446D-9C43-F6D3F9D09687} = {DB25B4B7-A203-41A7-9DC5-5C4ECEEAFBAE}
		{B3EAB2B0-EF4F-46B8-8CED-61A807B96E86} = {E0750E9C-76B7-4D45-BF9C-C1C6535852F9}
	EndGlobalSection
EndGlobal
